// !$*UTF8*$!
{
	archiveVersion = 1;
	classes = {
	};
	objectVersion = 46;
	objects = {

/* Begin PBXBuildFile section */
		1242161A2514F98C6D62B3C3 /* ofxMidi.cpp in Sources */ = {isa = PBXBuildFile; fileRef = 87F4945DFEC238B14E6F9546 /* ofxMidi.cpp */; };
		16AB83D9D862B91E9421E3C8 /* ofxMidiOut.cpp in Sources */ = {isa = PBXBuildFile; fileRef = C794F73CD7262AB830BD5859 /* ofxMidiOut.cpp */; };
		2A8E1E5C9D31CCD2D411B134 /* ofxMidiMessage.cpp in Sources */ = {isa = PBXBuildFile; fileRef = DE71E86E8036D3ADA8BB0A4D /* ofxMidiMessage.cpp */; };
		331904A7517EE0E3BCF5D91D /* ofxRtMidiIn.cpp in Sources */ = {isa = PBXBuildFile; fileRef = 5033BD0DCCC3DA63EFE25C32 /* ofxRtMidiIn.cpp */; };
		54296DF419296CFE0024979C /* backDrop.cpp in Sources */ = {isa = PBXBuildFile; fileRef = 54296DF219296CFE0024979C /* backDrop.cpp */; };
		54296DF7192982570024979C /* constellation.cpp in Sources */ = {isa = PBXBuildFile; fileRef = 54296DF5192982570024979C /* constellation.cpp */; };
		54296E001929E8F50024979C /* ofxCubeMap.cpp in Sources */ = {isa = PBXBuildFile; fileRef = 54296DFC1929E8F50024979C /* ofxCubeMap.cpp */; };
		54296E011929E8F50024979C /* ofxSkyBox.cpp in Sources */ = {isa = PBXBuildFile; fileRef = 54296DFE1929E8F50024979C /* ofxSkyBox.cpp */; };
		549617E9192C87ED007663CA /* ofxOscBundle.cpp in Sources */ = {isa = PBXBuildFile; fileRef = 549617C2192C87ED007663CA /* ofxOscBundle.cpp */; };
		549617EA192C87ED007663CA /* ofxOscMessage.cpp in Sources */ = {isa = PBXBuildFile; fileRef = 549617C4192C87ED007663CA /* ofxOscMessage.cpp */; };
		549617EB192C87ED007663CA /* ofxOscParameterSync.cpp in Sources */ = {isa = PBXBuildFile; fileRef = 549617C6192C87ED007663CA /* ofxOscParameterSync.cpp */; };
		549617EC192C87ED007663CA /* ofxOscReceiver.cpp in Sources */ = {isa = PBXBuildFile; fileRef = 549617C8192C87ED007663CA /* ofxOscReceiver.cpp */; };
		549617ED192C87ED007663CA /* ofxOscSender.cpp in Sources */ = {isa = PBXBuildFile; fileRef = 549617CA192C87ED007663CA /* ofxOscSender.cpp */; };
		549617EE192C87ED007663CA /* IpEndpointName.cpp in Sources */ = {isa = PBXBuildFile; fileRef = 549617D0192C87ED007663CA /* IpEndpointName.cpp */; };
		549617EF192C87ED007663CA /* NetworkingUtils.cpp in Sources */ = {isa = PBXBuildFile; fileRef = 549617D5192C87ED007663CA /* NetworkingUtils.cpp */; };
		549617F0192C87ED007663CA /* UdpSocket.cpp in Sources */ = {isa = PBXBuildFile; fileRef = 549617D6192C87ED007663CA /* UdpSocket.cpp */; };
		549617F1192C87ED007663CA /* OscOutboundPacketStream.cpp in Sources */ = {isa = PBXBuildFile; fileRef = 549617E0192C87ED007663CA /* OscOutboundPacketStream.cpp */; };
		549617F2192C87ED007663CA /* OscPrintReceivedElements.cpp in Sources */ = {isa = PBXBuildFile; fileRef = 549617E3192C87ED007663CA /* OscPrintReceivedElements.cpp */; };
		549617F3192C87ED007663CA /* OscReceivedElements.cpp in Sources */ = {isa = PBXBuildFile; fileRef = 549617E5192C87ED007663CA /* OscReceivedElements.cpp */; };
		549617F4192C87ED007663CA /* OscTypes.cpp in Sources */ = {isa = PBXBuildFile; fileRef = 549617E7192C87ED007663CA /* OscTypes.cpp */; };
		5F1A2F9E2A769458030E2812 /* ofxRtMidiOut.cpp in Sources */ = {isa = PBXBuildFile; fileRef = 5AD85C65B562E2766DEEEA25 /* ofxRtMidiOut.cpp */; };
		6F7FE47139E27331A8D94BFD /* ofxMidiIn.cpp in Sources */ = {isa = PBXBuildFile; fileRef = 447FEE1205FEC82A7EADD367 /* ofxMidiIn.cpp */; };
		BBAB23CB13894F3D00AA2426 /* GLUT.framework in CopyFiles */ = {isa = PBXBuildFile; fileRef = BBAB23BE13894E4700AA2426 /* GLUT.framework */; };
		CB192461229607ED5A5CE2B1 /* ofxBaseMidi.cpp in Sources */ = {isa = PBXBuildFile; fileRef = 1CCEA9C16AD383CA24260F49 /* ofxBaseMidi.cpp */; };
		D618606312A7B31B614230EA /* RtMidi.cpp in Sources */ = {isa = PBXBuildFile; fileRef = C078C874BCDC934842A81B81 /* RtMidi.cpp */; };
		E4328149138ABC9F0047C5CB /* openFrameworksDebug.a in Frameworks */ = {isa = PBXBuildFile; fileRef = E4328148138ABC890047C5CB /* openFrameworksDebug.a */; };
		E45BE97B0E8CC7DD009D7055 /* AGL.framework in Frameworks */ = {isa = PBXBuildFile; fileRef = E45BE9710E8CC7DD009D7055 /* AGL.framework */; };
		E45BE97C0E8CC7DD009D7055 /* ApplicationServices.framework in Frameworks */ = {isa = PBXBuildFile; fileRef = E45BE9720E8CC7DD009D7055 /* ApplicationServices.framework */; };
		E45BE97D0E8CC7DD009D7055 /* AudioToolbox.framework in Frameworks */ = {isa = PBXBuildFile; fileRef = E45BE9730E8CC7DD009D7055 /* AudioToolbox.framework */; };
		E45BE97E0E8CC7DD009D7055 /* Carbon.framework in Frameworks */ = {isa = PBXBuildFile; fileRef = E45BE9740E8CC7DD009D7055 /* Carbon.framework */; };
		E45BE97F0E8CC7DD009D7055 /* CoreAudio.framework in Frameworks */ = {isa = PBXBuildFile; fileRef = E45BE9750E8CC7DD009D7055 /* CoreAudio.framework */; };
		E45BE9800E8CC7DD009D7055 /* CoreFoundation.framework in Frameworks */ = {isa = PBXBuildFile; fileRef = E45BE9760E8CC7DD009D7055 /* CoreFoundation.framework */; };
		E45BE9810E8CC7DD009D7055 /* CoreServices.framework in Frameworks */ = {isa = PBXBuildFile; fileRef = E45BE9770E8CC7DD009D7055 /* CoreServices.framework */; };
		E45BE9830E8CC7DD009D7055 /* OpenGL.framework in Frameworks */ = {isa = PBXBuildFile; fileRef = E45BE9790E8CC7DD009D7055 /* OpenGL.framework */; };
		E45BE9840E8CC7DD009D7055 /* QuickTime.framework in Frameworks */ = {isa = PBXBuildFile; fileRef = E45BE97A0E8CC7DD009D7055 /* QuickTime.framework */; };
		E4B69E200A3A1BDC003C02F2 /* main.cpp in Sources */ = {isa = PBXBuildFile; fileRef = E4B69E1D0A3A1BDC003C02F2 /* main.cpp */; };
		E4B69E210A3A1BDC003C02F2 /* testApp.cpp in Sources */ = {isa = PBXBuildFile; fileRef = E4B69E1E0A3A1BDC003C02F2 /* testApp.cpp */; };
		E4C2424710CC5A17004149E2 /* AppKit.framework in Frameworks */ = {isa = PBXBuildFile; fileRef = E4C2424410CC5A17004149E2 /* AppKit.framework */; };
		E4C2424810CC5A17004149E2 /* Cocoa.framework in Frameworks */ = {isa = PBXBuildFile; fileRef = E4C2424510CC5A17004149E2 /* Cocoa.framework */; };
		E4C2424910CC5A17004149E2 /* IOKit.framework in Frameworks */ = {isa = PBXBuildFile; fileRef = E4C2424610CC5A17004149E2 /* IOKit.framework */; };
		E4EB6799138ADC1D00A09F29 /* GLUT.framework in Frameworks */ = {isa = PBXBuildFile; fileRef = BBAB23BE13894E4700AA2426 /* GLUT.framework */; };
		E7E077E515D3B63C0020DFD4 /* CoreVideo.framework in Frameworks */ = {isa = PBXBuildFile; fileRef = E7E077E415D3B63C0020DFD4 /* CoreVideo.framework */; };
		E7E077E815D3B6510020DFD4 /* QTKit.framework in Frameworks */ = {isa = PBXBuildFile; fileRef = E7E077E715D3B6510020DFD4 /* QTKit.framework */; };
		E7F985F815E0DEA3003869B5 /* Accelerate.framework in Frameworks */ = {isa = PBXBuildFile; fileRef = E7F985F515E0DE99003869B5 /* Accelerate.framework */; };
/* End PBXBuildFile section */

/* Begin PBXContainerItemProxy section */
		E4328147138ABC890047C5CB /* PBXContainerItemProxy */ = {
			isa = PBXContainerItemProxy;
			containerPortal = E4328143138ABC890047C5CB /* openFrameworksLib.xcodeproj */;
			proxyType = 2;
			remoteGlobalIDString = E4B27C1510CBEB8E00536013;
			remoteInfo = openFrameworks;
		};
		E4EEB9AB138B136A00A80321 /* PBXContainerItemProxy */ = {
			isa = PBXContainerItemProxy;
			containerPortal = E4328143138ABC890047C5CB /* openFrameworksLib.xcodeproj */;
			proxyType = 1;
			remoteGlobalIDString = E4B27C1410CBEB8E00536013;
			remoteInfo = openFrameworks;
		};
/* End PBXContainerItemProxy section */

/* Begin PBXCopyFilesBuildPhase section */
		E4C2427710CC5ABF004149E2 /* CopyFiles */ = {
			isa = PBXCopyFilesBuildPhase;
			buildActionMask = 2147483647;
			dstPath = "";
			dstSubfolderSpec = 10;
			files = (
				BBAB23CB13894F3D00AA2426 /* GLUT.framework in CopyFiles */,
			);
			runOnlyForDeploymentPostprocessing = 0;
		};
/* End PBXCopyFilesBuildPhase section */

/* Begin PBXFileReference section */
		00F3F13E813062A69FE3E8A0 /* ofxOscMessage.cpp */ = {isa = PBXFileReference; explicitFileType = sourcecode.cpp.cpp; fileEncoding = 30; name = ofxOscMessage.cpp; path = ../../of_v0.8.0_osx_release/addons/ofxOsc/src/ofxOscMessage.cpp; sourceTree = SOURCE_ROOT; };
		0196E4AA24A98965C06E0A0B /* ofxOscBundle.h */ = {isa = PBXFileReference; explicitFileType = sourcecode.c.h; fileEncoding = 30; name = ofxOscBundle.h; path = ../../of_v0.8.0_osx_release/addons/ofxOsc/src/ofxOscBundle.h; sourceTree = SOURCE_ROOT; };
		0C5885531A0B76A390B709FF /* OscTypes.cpp */ = {isa = PBXFileReference; explicitFileType = sourcecode.cpp.cpp; fileEncoding = 30; name = OscTypes.cpp; path = ../../of_v0.8.0_osx_release/addons/ofxOsc/libs/oscpack/src/osc/OscTypes.cpp; sourceTree = SOURCE_ROOT; };
		0EC45BACE6457E8AD2A7FED9 /* NetworkingUtils.h */ = {isa = PBXFileReference; explicitFileType = sourcecode.c.h; fileEncoding = 30; name = NetworkingUtils.h; path = ../../of_v0.8.0_osx_release/addons/ofxOsc/libs/oscpack/src/ip/NetworkingUtils.h; sourceTree = SOURCE_ROOT; };
		1126B15512AA9E59C063DDEA /* CoreMIDI */ = {isa = PBXFileReference; fileEncoding = 30; lastKnownFileType = wrapper.framework; name = CoreMIDI; path = /CoreMIDI; sourceTree = "<group>"; };
		17A6EFECF56EDD9E255B07FE /* ofxOscSender.cpp */ = {isa = PBXFileReference; explicitFileType = sourcecode.cpp.cpp; fileEncoding = 30; name = ofxOscSender.cpp; path = ../../of_v0.8.0_osx_release/addons/ofxOsc/src/ofxOscSender.cpp; sourceTree = SOURCE_ROOT; };
		1CCEA9C16AD383CA24260F49 /* ofxBaseMidi.cpp */ = {isa = PBXFileReference; explicitFileType = sourcecode.cpp.cpp; fileEncoding = 30; name = ofxBaseMidi.cpp; path = ../../of_v0.8.0_osx_release/addons/ofxMidi/src/ofxBaseMidi.cpp; sourceTree = SOURCE_ROOT; };
		2ECCEC32FD7852EA00CEC13E /* IpEndpointName.h */ = {isa = PBXFileReference; explicitFileType = sourcecode.c.h; fileEncoding = 30; name = IpEndpointName.h; path = ../../of_v0.8.0_osx_release/addons/ofxOsc/libs/oscpack/src/ip/IpEndpointName.h; sourceTree = SOURCE_ROOT; };
		2ED50B844B9936EDB6F1B4A2 /* ofxBaseMidi.h */ = {isa = PBXFileReference; explicitFileType = sourcecode.c.h; fileEncoding = 30; name = ofxBaseMidi.h; path = ../../of_v0.8.0_osx_release/addons/ofxMidi/src/ofxBaseMidi.h; sourceTree = SOURCE_ROOT; };
		335095410C6CEDE713592A76 /* NetworkingUtilsWin.cpp */ = {isa = PBXFileReference; explicitFileType = sourcecode.cpp.cpp; fileEncoding = 30; name = NetworkingUtilsWin.cpp; path = ../../of_v0.8.0_osx_release/addons/ofxOsc/libs/oscpack/src/ip/win32/NetworkingUtilsWin.cpp; sourceTree = SOURCE_ROOT; };
		37D1FF3408EE2CEA9FF2D11C /* ofxOscParameterSync.cpp */ = {isa = PBXFileReference; explicitFileType = sourcecode.cpp.cpp; fileEncoding = 30; name = ofxOscParameterSync.cpp; path = ../../of_v0.8.0_osx_release/addons/ofxOsc/src/ofxOscParameterSync.cpp; sourceTree = SOURCE_ROOT; };
		39B827DA3596409A453165D7 /* ofxOscReceiver.h */ = {isa = PBXFileReference; explicitFileType = sourcecode.c.h; fileEncoding = 30; name = ofxOscReceiver.h; path = ../../of_v0.8.0_osx_release/addons/ofxOsc/src/ofxOscReceiver.h; sourceTree = SOURCE_ROOT; };
		3CAE1DC64E3BFF5ECD6EBE22 /* OscTypes.h */ = {isa = PBXFileReference; explicitFileType = sourcecode.c.h; fileEncoding = 30; name = OscTypes.h; path = ../../of_v0.8.0_osx_release/addons/ofxOsc/libs/oscpack/src/osc/OscTypes.h; sourceTree = SOURCE_ROOT; };
		41BB488641344894373CA2AC /* UdpSocket.cpp */ = {isa = PBXFileReference; explicitFileType = sourcecode.cpp.cpp; fileEncoding = 30; name = UdpSocket.cpp; path = ../../of_v0.8.0_osx_release/addons/ofxOsc/libs/oscpack/src/ip/posix/UdpSocket.cpp; sourceTree = SOURCE_ROOT; };
		447FEE1205FEC82A7EADD367 /* ofxMidiIn.cpp */ = {isa = PBXFileReference; explicitFileType = sourcecode.cpp.cpp; fileEncoding = 30; name = ofxMidiIn.cpp; path = ../../of_v0.8.0_osx_release/addons/ofxMidi/src/ofxMidiIn.cpp; sourceTree = SOURCE_ROOT; };
		4547DC9A297C9279C53E6412 /* ofxOscArg.h */ = {isa = PBXFileReference; explicitFileType = sourcecode.c.h; fileEncoding = 30; name = ofxOscArg.h; path = ../../of_v0.8.0_osx_release/addons/ofxOsc/src/ofxOscArg.h; sourceTree = SOURCE_ROOT; };
		4AA59EAFF8EB23BBC60DC288 /* NetworkingUtils.cpp */ = {isa = PBXFileReference; explicitFileType = sourcecode.cpp.cpp; fileEncoding = 30; name = NetworkingUtils.cpp; path = ../../of_v0.8.0_osx_release/addons/ofxOsc/libs/oscpack/src/ip/posix/NetworkingUtils.cpp; sourceTree = SOURCE_ROOT; };
		4F56A641A812044E5EC7EC42 /* RtError.h */ = {isa = PBXFileReference; explicitFileType = sourcecode.c.h; fileEncoding = 30; name = RtError.h; path = ../../of_v0.8.0_osx_release/addons/ofxMidi/libs/rtmidi/RtError.h; sourceTree = SOURCE_ROOT; };
		5033BD0DCCC3DA63EFE25C32 /* ofxRtMidiIn.cpp */ = {isa = PBXFileReference; explicitFileType = sourcecode.cpp.cpp; fileEncoding = 30; name = ofxRtMidiIn.cpp; path = ../../of_v0.8.0_osx_release/addons/ofxMidi/src/desktop/ofxRtMidiIn.cpp; sourceTree = SOURCE_ROOT; };
		54296DF219296CFE0024979C /* backDrop.cpp */ = {isa = PBXFileReference; fileEncoding = 4; lastKnownFileType = sourcecode.cpp.cpp; path = backDrop.cpp; sourceTree = "<group>"; };
		54296DF319296CFE0024979C /* backDrop.h */ = {isa = PBXFileReference; fileEncoding = 4; lastKnownFileType = sourcecode.c.h; path = backDrop.h; sourceTree = "<group>"; };
		54296DF5192982570024979C /* constellation.cpp */ = {isa = PBXFileReference; fileEncoding = 4; lastKnownFileType = sourcecode.cpp.cpp; path = constellation.cpp; sourceTree = "<group>"; };
		54296DF6192982570024979C /* constellation.h */ = {isa = PBXFileReference; fileEncoding = 4; lastKnownFileType = sourcecode.c.h; path = constellation.h; sourceTree = "<group>"; };
		54296DFC1929E8F50024979C /* ofxCubeMap.cpp */ = {isa = PBXFileReference; lastKnownFileType = sourcecode.cpp.cpp; path = ofxCubeMap.cpp; sourceTree = "<group>"; };
		54296DFD1929E8F50024979C /* ofxCubeMap.h */ = {isa = PBXFileReference; lastKnownFileType = sourcecode.c.h; path = ofxCubeMap.h; sourceTree = "<group>"; };
		54296DFE1929E8F50024979C /* ofxSkyBox.cpp */ = {isa = PBXFileReference; lastKnownFileType = sourcecode.cpp.cpp; path = ofxSkyBox.cpp; sourceTree = "<group>"; };
		54296DFF1929E8F50024979C /* ofxSkyBox.h */ = {isa = PBXFileReference; lastKnownFileType = sourcecode.c.h; path = ofxSkyBox.h; sourceTree = "<group>"; };
		54961752192C83CB007663CA /* ofxOsc.h */ = {isa = PBXFileReference; lastKnownFileType = sourcecode.c.h; path = ofxOsc.h; sourceTree = "<group>"; };
		54961753192C83CB007663CA /* ofxOscArg.h */ = {isa = PBXFileReference; lastKnownFileType = sourcecode.c.h; path = ofxOscArg.h; sourceTree = "<group>"; };
		54961754192C83CB007663CA /* ofxOscBundle.cpp */ = {isa = PBXFileReference; lastKnownFileType = sourcecode.cpp.cpp; path = ofxOscBundle.cpp; sourceTree = "<group>"; };
		54961755192C83CB007663CA /* ofxOscBundle.h */ = {isa = PBXFileReference; lastKnownFileType = sourcecode.c.h; path = ofxOscBundle.h; sourceTree = "<group>"; };
		54961756192C83CB007663CA /* ofxOscMessage.cpp */ = {isa = PBXFileReference; lastKnownFileType = sourcecode.cpp.cpp; path = ofxOscMessage.cpp; sourceTree = "<group>"; };
		54961757192C83CB007663CA /* ofxOscMessage.h */ = {isa = PBXFileReference; lastKnownFileType = sourcecode.c.h; path = ofxOscMessage.h; sourceTree = "<group>"; };
		54961758192C83CB007663CA /* ofxOscParameterSync.cpp */ = {isa = PBXFileReference; lastKnownFileType = sourcecode.cpp.cpp; path = ofxOscParameterSync.cpp; sourceTree = "<group>"; };
		54961759192C83CB007663CA /* ofxOscParameterSync.h */ = {isa = PBXFileReference; lastKnownFileType = sourcecode.c.h; path = ofxOscParameterSync.h; sourceTree = "<group>"; };
		5496175A192C83CB007663CA /* ofxOscReceiver.cpp */ = {isa = PBXFileReference; lastKnownFileType = sourcecode.cpp.cpp; path = ofxOscReceiver.cpp; sourceTree = "<group>"; };
		5496175B192C83CB007663CA /* ofxOscReceiver.h */ = {isa = PBXFileReference; lastKnownFileType = sourcecode.c.h; path = ofxOscReceiver.h; sourceTree = "<group>"; };
		5496175C192C83CB007663CA /* ofxOscSender.cpp */ = {isa = PBXFileReference; lastKnownFileType = sourcecode.cpp.cpp; path = ofxOscSender.cpp; sourceTree = "<group>"; };
		5496175D192C83CB007663CA /* ofxOscSender.h */ = {isa = PBXFileReference; lastKnownFileType = sourcecode.c.h; path = ofxOscSender.h; sourceTree = "<group>"; };
		54961762192C83CB007663CA /* IpEndpointName.cpp */ = {isa = PBXFileReference; lastKnownFileType = sourcecode.cpp.cpp; path = IpEndpointName.cpp; sourceTree = "<group>"; };
		54961763192C83CB007663CA /* IpEndpointName.h */ = {isa = PBXFileReference; lastKnownFileType = sourcecode.c.h; path = IpEndpointName.h; sourceTree = "<group>"; };
		54961764192C83CB007663CA /* NetworkingUtils.h */ = {isa = PBXFileReference; lastKnownFileType = sourcecode.c.h; path = NetworkingUtils.h; sourceTree = "<group>"; };
		54961765192C83CB007663CA /* PacketListener.h */ = {isa = PBXFileReference; lastKnownFileType = sourcecode.c.h; path = PacketListener.h; sourceTree = "<group>"; };
		54961767192C83CB007663CA /* NetworkingUtils.cpp */ = {isa = PBXFileReference; lastKnownFileType = sourcecode.cpp.cpp; path = NetworkingUtils.cpp; sourceTree = "<group>"; };
		54961768192C83CB007663CA /* UdpSocket.cpp */ = {isa = PBXFileReference; lastKnownFileType = sourcecode.cpp.cpp; path = UdpSocket.cpp; sourceTree = "<group>"; };
		54961769192C83CB007663CA /* TimerListener.h */ = {isa = PBXFileReference; lastKnownFileType = sourcecode.c.h; path = TimerListener.h; sourceTree = "<group>"; };
		5496176A192C83CB007663CA /* UdpSocket.h */ = {isa = PBXFileReference; lastKnownFileType = sourcecode.c.h; path = UdpSocket.h; sourceTree = "<group>"; };
		5496176F192C83CB007663CA /* MessageMappingOscPacketListener.h */ = {isa = PBXFileReference; lastKnownFileType = sourcecode.c.h; path = MessageMappingOscPacketListener.h; sourceTree = "<group>"; };
		54961770192C83CB007663CA /* OscException.h */ = {isa = PBXFileReference; lastKnownFileType = sourcecode.c.h; path = OscException.h; sourceTree = "<group>"; };
		54961771192C83CB007663CA /* OscHostEndianness.h */ = {isa = PBXFileReference; lastKnownFileType = sourcecode.c.h; path = OscHostEndianness.h; sourceTree = "<group>"; };
		54961772192C83CB007663CA /* OscOutboundPacketStream.cpp */ = {isa = PBXFileReference; lastKnownFileType = sourcecode.cpp.cpp; path = OscOutboundPacketStream.cpp; sourceTree = "<group>"; };
		54961773192C83CB007663CA /* OscOutboundPacketStream.h */ = {isa = PBXFileReference; lastKnownFileType = sourcecode.c.h; path = OscOutboundPacketStream.h; sourceTree = "<group>"; };
		54961774192C83CB007663CA /* OscPacketListener.h */ = {isa = PBXFileReference; lastKnownFileType = sourcecode.c.h; path = OscPacketListener.h; sourceTree = "<group>"; };
		54961775192C83CB007663CA /* OscPrintReceivedElements.cpp */ = {isa = PBXFileReference; lastKnownFileType = sourcecode.cpp.cpp; path = OscPrintReceivedElements.cpp; sourceTree = "<group>"; };
		54961776192C83CB007663CA /* OscPrintReceivedElements.h */ = {isa = PBXFileReference; lastKnownFileType = sourcecode.c.h; path = OscPrintReceivedElements.h; sourceTree = "<group>"; };
		54961777192C83CB007663CA /* OscReceivedElements.cpp */ = {isa = PBXFileReference; lastKnownFileType = sourcecode.cpp.cpp; path = OscReceivedElements.cpp; sourceTree = "<group>"; };
		54961778192C83CB007663CA /* OscReceivedElements.h */ = {isa = PBXFileReference; lastKnownFileType = sourcecode.c.h; path = OscReceivedElements.h; sourceTree = "<group>"; };
		54961779192C83CB007663CA /* OscTypes.cpp */ = {isa = PBXFileReference; lastKnownFileType = sourcecode.cpp.cpp; path = OscTypes.cpp; sourceTree = "<group>"; };
		5496177A192C83CB007663CA /* OscTypes.h */ = {isa = PBXFileReference; lastKnownFileType = sourcecode.c.h; path = OscTypes.h; sourceTree = "<group>"; };
		54961789192C8775007663CA /* ofxOsc.h */ = {isa = PBXFileReference; lastKnownFileType = sourcecode.c.h; path = ofxOsc.h; sourceTree = "<group>"; };
		5496178A192C8775007663CA /* ofxOscArg.h */ = {isa = PBXFileReference; lastKnownFileType = sourcecode.c.h; path = ofxOscArg.h; sourceTree = "<group>"; };
		5496178B192C8775007663CA /* ofxOscBundle.cpp */ = {isa = PBXFileReference; lastKnownFileType = sourcecode.cpp.cpp; path = ofxOscBundle.cpp; sourceTree = "<group>"; };
		5496178C192C8775007663CA /* ofxOscBundle.h */ = {isa = PBXFileReference; lastKnownFileType = sourcecode.c.h; path = ofxOscBundle.h; sourceTree = "<group>"; };
		5496178D192C8775007663CA /* ofxOscMessage.cpp */ = {isa = PBXFileReference; lastKnownFileType = sourcecode.cpp.cpp; path = ofxOscMessage.cpp; sourceTree = "<group>"; };
		5496178E192C8775007663CA /* ofxOscMessage.h */ = {isa = PBXFileReference; lastKnownFileType = sourcecode.c.h; path = ofxOscMessage.h; sourceTree = "<group>"; };
		5496178F192C8775007663CA /* ofxOscParameterSync.cpp */ = {isa = PBXFileReference; lastKnownFileType = sourcecode.cpp.cpp; path = ofxOscParameterSync.cpp; sourceTree = "<group>"; };
		54961790192C8775007663CA /* ofxOscParameterSync.h */ = {isa = PBXFileReference; lastKnownFileType = sourcecode.c.h; path = ofxOscParameterSync.h; sourceTree = "<group>"; };
		54961791192C8775007663CA /* ofxOscReceiver.cpp */ = {isa = PBXFileReference; lastKnownFileType = sourcecode.cpp.cpp; path = ofxOscReceiver.cpp; sourceTree = "<group>"; };
		54961792192C8775007663CA /* ofxOscReceiver.h */ = {isa = PBXFileReference; lastKnownFileType = sourcecode.c.h; path = ofxOscReceiver.h; sourceTree = "<group>"; };
		54961793192C8775007663CA /* ofxOscSender.cpp */ = {isa = PBXFileReference; lastKnownFileType = sourcecode.cpp.cpp; path = ofxOscSender.cpp; sourceTree = "<group>"; };
		54961794192C8775007663CA /* ofxOscSender.h */ = {isa = PBXFileReference; lastKnownFileType = sourcecode.c.h; path = ofxOscSender.h; sourceTree = "<group>"; };
		54961799192C8775007663CA /* IpEndpointName.cpp */ = {isa = PBXFileReference; lastKnownFileType = sourcecode.cpp.cpp; path = IpEndpointName.cpp; sourceTree = "<group>"; };
		5496179A192C8775007663CA /* IpEndpointName.h */ = {isa = PBXFileReference; lastKnownFileType = sourcecode.c.h; path = IpEndpointName.h; sourceTree = "<group>"; };
		5496179B192C8775007663CA /* NetworkingUtils.h */ = {isa = PBXFileReference; lastKnownFileType = sourcecode.c.h; path = NetworkingUtils.h; sourceTree = "<group>"; };
		5496179C192C8775007663CA /* PacketListener.h */ = {isa = PBXFileReference; lastKnownFileType = sourcecode.c.h; path = PacketListener.h; sourceTree = "<group>"; };
		5496179E192C8775007663CA /* NetworkingUtils.cpp */ = {isa = PBXFileReference; lastKnownFileType = sourcecode.cpp.cpp; path = NetworkingUtils.cpp; sourceTree = "<group>"; };
		5496179F192C8775007663CA /* UdpSocket.cpp */ = {isa = PBXFileReference; lastKnownFileType = sourcecode.cpp.cpp; path = UdpSocket.cpp; sourceTree = "<group>"; };
		549617A0192C8775007663CA /* TimerListener.h */ = {isa = PBXFileReference; lastKnownFileType = sourcecode.c.h; path = TimerListener.h; sourceTree = "<group>"; };
		549617A1192C8775007663CA /* UdpSocket.h */ = {isa = PBXFileReference; lastKnownFileType = sourcecode.c.h; path = UdpSocket.h; sourceTree = "<group>"; };
		549617A6192C8775007663CA /* MessageMappingOscPacketListener.h */ = {isa = PBXFileReference; lastKnownFileType = sourcecode.c.h; path = MessageMappingOscPacketListener.h; sourceTree = "<group>"; };
		549617A7192C8775007663CA /* OscException.h */ = {isa = PBXFileReference; lastKnownFileType = sourcecode.c.h; path = OscException.h; sourceTree = "<group>"; };
		549617A8192C8775007663CA /* OscHostEndianness.h */ = {isa = PBXFileReference; lastKnownFileType = sourcecode.c.h; path = OscHostEndianness.h; sourceTree = "<group>"; };
		549617A9192C8775007663CA /* OscOutboundPacketStream.cpp */ = {isa = PBXFileReference; lastKnownFileType = sourcecode.cpp.cpp; path = OscOutboundPacketStream.cpp; sourceTree = "<group>"; };
		549617AA192C8775007663CA /* OscOutboundPacketStream.h */ = {isa = PBXFileReference; lastKnownFileType = sourcecode.c.h; path = OscOutboundPacketStream.h; sourceTree = "<group>"; };
		549617AB192C8775007663CA /* OscPacketListener.h */ = {isa = PBXFileReference; lastKnownFileType = sourcecode.c.h; path = OscPacketListener.h; sourceTree = "<group>"; };
		549617AC192C8775007663CA /* OscPrintReceivedElements.cpp */ = {isa = PBXFileReference; lastKnownFileType = sourcecode.cpp.cpp; path = OscPrintReceivedElements.cpp; sourceTree = "<group>"; };
		549617AD192C8775007663CA /* OscPrintReceivedElements.h */ = {isa = PBXFileReference; lastKnownFileType = sourcecode.c.h; path = OscPrintReceivedElements.h; sourceTree = "<group>"; };
		549617AE192C8776007663CA /* OscReceivedElements.cpp */ = {isa = PBXFileReference; lastKnownFileType = sourcecode.cpp.cpp; path = OscReceivedElements.cpp; sourceTree = "<group>"; };
		549617AF192C8776007663CA /* OscReceivedElements.h */ = {isa = PBXFileReference; lastKnownFileType = sourcecode.c.h; path = OscReceivedElements.h; sourceTree = "<group>"; };
		549617B0192C8776007663CA /* OscTypes.cpp */ = {isa = PBXFileReference; lastKnownFileType = sourcecode.cpp.cpp; path = OscTypes.cpp; sourceTree = "<group>"; };
		549617B1192C8776007663CA /* OscTypes.h */ = {isa = PBXFileReference; lastKnownFileType = sourcecode.c.h; path = OscTypes.h; sourceTree = "<group>"; };
		549617C0192C87ED007663CA /* ofxOsc.h */ = {isa = PBXFileReference; lastKnownFileType = sourcecode.c.h; path = ofxOsc.h; sourceTree = "<group>"; };
		549617C1192C87ED007663CA /* ofxOscArg.h */ = {isa = PBXFileReference; lastKnownFileType = sourcecode.c.h; path = ofxOscArg.h; sourceTree = "<group>"; };
		549617C2192C87ED007663CA /* ofxOscBundle.cpp */ = {isa = PBXFileReference; lastKnownFileType = sourcecode.cpp.cpp; path = ofxOscBundle.cpp; sourceTree = "<group>"; };
		549617C3192C87ED007663CA /* ofxOscBundle.h */ = {isa = PBXFileReference; lastKnownFileType = sourcecode.c.h; path = ofxOscBundle.h; sourceTree = "<group>"; };
		549617C4192C87ED007663CA /* ofxOscMessage.cpp */ = {isa = PBXFileReference; lastKnownFileType = sourcecode.cpp.cpp; path = ofxOscMessage.cpp; sourceTree = "<group>"; };
		549617C5192C87ED007663CA /* ofxOscMessage.h */ = {isa = PBXFileReference; lastKnownFileType = sourcecode.c.h; path = ofxOscMessage.h; sourceTree = "<group>"; };
		549617C6192C87ED007663CA /* ofxOscParameterSync.cpp */ = {isa = PBXFileReference; lastKnownFileType = sourcecode.cpp.cpp; path = ofxOscParameterSync.cpp; sourceTree = "<group>"; };
		549617C7192C87ED007663CA /* ofxOscParameterSync.h */ = {isa = PBXFileReference; lastKnownFileType = sourcecode.c.h; path = ofxOscParameterSync.h; sourceTree = "<group>"; };
		549617C8192C87ED007663CA /* ofxOscReceiver.cpp */ = {isa = PBXFileReference; lastKnownFileType = sourcecode.cpp.cpp; path = ofxOscReceiver.cpp; sourceTree = "<group>"; };
		549617C9192C87ED007663CA /* ofxOscReceiver.h */ = {isa = PBXFileReference; lastKnownFileType = sourcecode.c.h; path = ofxOscReceiver.h; sourceTree = "<group>"; };
		549617CA192C87ED007663CA /* ofxOscSender.cpp */ = {isa = PBXFileReference; lastKnownFileType = sourcecode.cpp.cpp; path = ofxOscSender.cpp; sourceTree = "<group>"; };
		549617CB192C87ED007663CA /* ofxOscSender.h */ = {isa = PBXFileReference; lastKnownFileType = sourcecode.c.h; path = ofxOscSender.h; sourceTree = "<group>"; };
		549617D0192C87ED007663CA /* IpEndpointName.cpp */ = {isa = PBXFileReference; lastKnownFileType = sourcecode.cpp.cpp; path = IpEndpointName.cpp; sourceTree = "<group>"; };
		549617D1192C87ED007663CA /* IpEndpointName.h */ = {isa = PBXFileReference; lastKnownFileType = sourcecode.c.h; path = IpEndpointName.h; sourceTree = "<group>"; };
		549617D2192C87ED007663CA /* NetworkingUtils.h */ = {isa = PBXFileReference; lastKnownFileType = sourcecode.c.h; path = NetworkingUtils.h; sourceTree = "<group>"; };
		549617D3192C87ED007663CA /* PacketListener.h */ = {isa = PBXFileReference; lastKnownFileType = sourcecode.c.h; path = PacketListener.h; sourceTree = "<group>"; };
		549617D5192C87ED007663CA /* NetworkingUtils.cpp */ = {isa = PBXFileReference; lastKnownFileType = sourcecode.cpp.cpp; path = NetworkingUtils.cpp; sourceTree = "<group>"; };
		549617D6192C87ED007663CA /* UdpSocket.cpp */ = {isa = PBXFileReference; lastKnownFileType = sourcecode.cpp.cpp; path = UdpSocket.cpp; sourceTree = "<group>"; };
		549617D7192C87ED007663CA /* TimerListener.h */ = {isa = PBXFileReference; lastKnownFileType = sourcecode.c.h; path = TimerListener.h; sourceTree = "<group>"; };
		549617D8192C87ED007663CA /* UdpSocket.h */ = {isa = PBXFileReference; lastKnownFileType = sourcecode.c.h; path = UdpSocket.h; sourceTree = "<group>"; };
		549617DD192C87ED007663CA /* MessageMappingOscPacketListener.h */ = {isa = PBXFileReference; lastKnownFileType = sourcecode.c.h; path = MessageMappingOscPacketListener.h; sourceTree = "<group>"; };
		549617DE192C87ED007663CA /* OscException.h */ = {isa = PBXFileReference; lastKnownFileType = sourcecode.c.h; path = OscException.h; sourceTree = "<group>"; };
		549617DF192C87ED007663CA /* OscHostEndianness.h */ = {isa = PBXFileReference; lastKnownFileType = sourcecode.c.h; path = OscHostEndianness.h; sourceTree = "<group>"; };
		549617E0192C87ED007663CA /* OscOutboundPacketStream.cpp */ = {isa = PBXFileReference; lastKnownFileType = sourcecode.cpp.cpp; path = OscOutboundPacketStream.cpp; sourceTree = "<group>"; };
		549617E1192C87ED007663CA /* OscOutboundPacketStream.h */ = {isa = PBXFileReference; lastKnownFileType = sourcecode.c.h; path = OscOutboundPacketStream.h; sourceTree = "<group>"; };
		549617E2192C87ED007663CA /* OscPacketListener.h */ = {isa = PBXFileReference; lastKnownFileType = sourcecode.c.h; path = OscPacketListener.h; sourceTree = "<group>"; };
		549617E3192C87ED007663CA /* OscPrintReceivedElements.cpp */ = {isa = PBXFileReference; lastKnownFileType = sourcecode.cpp.cpp; path = OscPrintReceivedElements.cpp; sourceTree = "<group>"; };
		549617E4192C87ED007663CA /* OscPrintReceivedElements.h */ = {isa = PBXFileReference; lastKnownFileType = sourcecode.c.h; path = OscPrintReceivedElements.h; sourceTree = "<group>"; };
		549617E5192C87ED007663CA /* OscReceivedElements.cpp */ = {isa = PBXFileReference; lastKnownFileType = sourcecode.cpp.cpp; path = OscReceivedElements.cpp; sourceTree = "<group>"; };
		549617E6192C87ED007663CA /* OscReceivedElements.h */ = {isa = PBXFileReference; lastKnownFileType = sourcecode.c.h; path = OscReceivedElements.h; sourceTree = "<group>"; };
		549617E7192C87ED007663CA /* OscTypes.cpp */ = {isa = PBXFileReference; lastKnownFileType = sourcecode.cpp.cpp; path = OscTypes.cpp; sourceTree = "<group>"; };
		549617E8192C87ED007663CA /* OscTypes.h */ = {isa = PBXFileReference; lastKnownFileType = sourcecode.c.h; path = OscTypes.h; sourceTree = "<group>"; };
		552F83B3B7651736DA9929D7 /* PacketListener.h */ = {isa = PBXFileReference; explicitFileType = sourcecode.c.h; fileEncoding = 30; name = PacketListener.h; path = ../../of_v0.8.0_osx_release/addons/ofxOsc/libs/oscpack/src/ip/PacketListener.h; sourceTree = SOURCE_ROOT; };
		5710627DFFE1A214F4882FB3 /* RtMidi.h */ = {isa = PBXFileReference; explicitFileType = sourcecode.c.h; fileEncoding = 30; name = RtMidi.h; path = ../../of_v0.8.0_osx_release/addons/ofxMidi/libs/rtmidi/RtMidi.h; sourceTree = SOURCE_ROOT; };
		5AD85C65B562E2766DEEEA25 /* ofxRtMidiOut.cpp */ = {isa = PBXFileReference; explicitFileType = sourcecode.cpp.cpp; fileEncoding = 30; name = ofxRtMidiOut.cpp; path = ../../of_v0.8.0_osx_release/addons/ofxMidi/src/desktop/ofxRtMidiOut.cpp; sourceTree = SOURCE_ROOT; };
		5B368AA85D44CE299BCD2C13 /* IpEndpointName.cpp */ = {isa = PBXFileReference; explicitFileType = sourcecode.cpp.cpp; fileEncoding = 30; name = IpEndpointName.cpp; path = ../../of_v0.8.0_osx_release/addons/ofxOsc/libs/oscpack/src/ip/IpEndpointName.cpp; sourceTree = SOURCE_ROOT; };
		6623938A8E7F1A9B2A22E139 /* OscPacketListener.h */ = {isa = PBXFileReference; explicitFileType = sourcecode.c.h; fileEncoding = 30; name = OscPacketListener.h; path = ../../of_v0.8.0_osx_release/addons/ofxOsc/libs/oscpack/src/osc/OscPacketListener.h; sourceTree = SOURCE_ROOT; };
		7645B3DE368858A2FC00E683 /* OscPrintReceivedElements.cpp */ = {isa = PBXFileReference; explicitFileType = sourcecode.cpp.cpp; fileEncoding = 30; name = OscPrintReceivedElements.cpp; path = ../../of_v0.8.0_osx_release/addons/ofxOsc/libs/oscpack/src/osc/OscPrintReceivedElements.cpp; sourceTree = SOURCE_ROOT; };
		7837D1BE209B1B853F95789B /* UdpSocketWin.cpp */ = {isa = PBXFileReference; explicitFileType = sourcecode.cpp.cpp; fileEncoding = 30; name = UdpSocketWin.cpp; path = ../../of_v0.8.0_osx_release/addons/ofxOsc/libs/oscpack/src/ip/win32/UdpSocketWin.cpp; sourceTree = SOURCE_ROOT; };
		78BDEFF30054166FCEDF3058 /* MessageMappingOscPacketListener.h */ = {isa = PBXFileReference; explicitFileType = sourcecode.c.h; fileEncoding = 30; name = MessageMappingOscPacketListener.h; path = ../../of_v0.8.0_osx_release/addons/ofxOsc/libs/oscpack/src/osc/MessageMappingOscPacketListener.h; sourceTree = SOURCE_ROOT; };
		87F4945DFEC238B14E6F9546 /* ofxMidi.cpp */ = {isa = PBXFileReference; explicitFileType = sourcecode.cpp.cpp; fileEncoding = 30; name = ofxMidi.cpp; path = ../../of_v0.8.0_osx_release/addons/ofxMidi/src/ofxMidi.cpp; sourceTree = SOURCE_ROOT; };
		884FFF124AA771769C1BE621 /* ofxRtMidiOut.h */ = {isa = PBXFileReference; explicitFileType = sourcecode.c.h; fileEncoding = 30; name = ofxRtMidiOut.h; path = ../../of_v0.8.0_osx_release/addons/ofxMidi/src/desktop/ofxRtMidiOut.h; sourceTree = SOURCE_ROOT; };
		8C9076B58F76A8661B40A802 /* ofxMidiConstants.h */ = {isa = PBXFileReference; explicitFileType = sourcecode.c.h; fileEncoding = 30; name = ofxMidiConstants.h; path = ../../of_v0.8.0_osx_release/addons/ofxMidi/src/ofxMidiConstants.h; sourceTree = SOURCE_ROOT; };
		8CC218456C51286EEFAC480E /* OscOutboundPacketStream.h */ = {isa = PBXFileReference; explicitFileType = sourcecode.c.h; fileEncoding = 30; name = OscOutboundPacketStream.h; path = ../../of_v0.8.0_osx_release/addons/ofxOsc/libs/oscpack/src/osc/OscOutboundPacketStream.h; sourceTree = SOURCE_ROOT; };
		9177183D8905087C947B6987 /* ofxOscBundle.cpp */ = {isa = PBXFileReference; explicitFileType = sourcecode.cpp.cpp; fileEncoding = 30; name = ofxOscBundle.cpp; path = ../../of_v0.8.0_osx_release/addons/ofxOsc/src/ofxOscBundle.cpp; sourceTree = SOURCE_ROOT; };
		9210E18425B535DD65F150AF /* OscOutboundPacketStream.cpp */ = {isa = PBXFileReference; explicitFileType = sourcecode.cpp.cpp; fileEncoding = 30; name = OscOutboundPacketStream.cpp; path = ../../of_v0.8.0_osx_release/addons/ofxOsc/libs/oscpack/src/osc/OscOutboundPacketStream.cpp; sourceTree = SOURCE_ROOT; };
		973EE0080BAD99463EE9D8EB /* ofxMidiOut.h */ = {isa = PBXFileReference; explicitFileType = sourcecode.c.h; fileEncoding = 30; name = ofxMidiOut.h; path = ../../of_v0.8.0_osx_release/addons/ofxMidi/src/ofxMidiOut.h; sourceTree = SOURCE_ROOT; };
		9B3181A38D95F7312D433ADB /* UdpSocket.h */ = {isa = PBXFileReference; explicitFileType = sourcecode.c.h; fileEncoding = 30; name = UdpSocket.h; path = ../../of_v0.8.0_osx_release/addons/ofxOsc/libs/oscpack/src/ip/UdpSocket.h; sourceTree = SOURCE_ROOT; };
		9BE0B8CD89D159FDDF367F5E /* ofxRtMidiIn.h */ = {isa = PBXFileReference; explicitFileType = sourcecode.c.h; fileEncoding = 30; name = ofxRtMidiIn.h; path = ../../of_v0.8.0_osx_release/addons/ofxMidi/src/desktop/ofxRtMidiIn.h; sourceTree = SOURCE_ROOT; };
		A79CD4FBD7837A0A45048661 /* OscHostEndianness.h */ = {isa = PBXFileReference; explicitFileType = sourcecode.c.h; fileEncoding = 30; name = OscHostEndianness.h; path = ../../of_v0.8.0_osx_release/addons/ofxOsc/libs/oscpack/src/osc/OscHostEndianness.h; sourceTree = SOURCE_ROOT; };
		A7D085EF6651E24E939241F9 /* ofxOscSender.h */ = {isa = PBXFileReference; explicitFileType = sourcecode.c.h; fileEncoding = 30; name = ofxOscSender.h; path = ../../of_v0.8.0_osx_release/addons/ofxOsc/src/ofxOscSender.h; sourceTree = SOURCE_ROOT; };
		B7468A97EA2F8A55ECC49CB5 /* ofxOscReceiver.cpp */ = {isa = PBXFileReference; explicitFileType = sourcecode.cpp.cpp; fileEncoding = 30; name = ofxOscReceiver.cpp; path = ../../of_v0.8.0_osx_release/addons/ofxOsc/src/ofxOscReceiver.cpp; sourceTree = SOURCE_ROOT; };
		B7CCFE5F1CE399C6AD26B6F6 /* ofxOsc.h */ = {isa = PBXFileReference; explicitFileType = sourcecode.c.h; fileEncoding = 30; name = ofxOsc.h; path = ../../of_v0.8.0_osx_release/addons/ofxOsc/src/ofxOsc.h; sourceTree = SOURCE_ROOT; };
		B89466F64DBCFA7DCE9C2E4D /* ofxMidi.h */ = {isa = PBXFileReference; explicitFileType = sourcecode.c.h; fileEncoding = 30; name = ofxMidi.h; path = ../../of_v0.8.0_osx_release/addons/ofxMidi/src/ofxMidi.h; sourceTree = SOURCE_ROOT; };
		BBAB23BE13894E4700AA2426 /* GLUT.framework */ = {isa = PBXFileReference; lastKnownFileType = wrapper.framework; name = GLUT.framework; path = ../../of_v0.8.0_osx_release/libs/glut/lib/osx/GLUT.framework; sourceTree = "<group>"; };
		BBFCD317FE62BD723E96B7F4 /* ofxMidiMessage.h */ = {isa = PBXFileReference; explicitFileType = sourcecode.c.h; fileEncoding = 30; name = ofxMidiMessage.h; path = ../../of_v0.8.0_osx_release/addons/ofxMidi/src/ofxMidiMessage.h; sourceTree = SOURCE_ROOT; };
		C078C874BCDC934842A81B81 /* RtMidi.cpp */ = {isa = PBXFileReference; explicitFileType = sourcecode.cpp.cpp; fileEncoding = 30; name = RtMidi.cpp; path = ../../of_v0.8.0_osx_release/addons/ofxMidi/libs/rtmidi/RtMidi.cpp; sourceTree = SOURCE_ROOT; };
		C794F73CD7262AB830BD5859 /* ofxMidiOut.cpp */ = {isa = PBXFileReference; explicitFileType = sourcecode.cpp.cpp; fileEncoding = 30; name = ofxMidiOut.cpp; path = ../../of_v0.8.0_osx_release/addons/ofxMidi/src/ofxMidiOut.cpp; sourceTree = SOURCE_ROOT; };
		D13255AE80662530FA292941 /* TimerListener.h */ = {isa = PBXFileReference; explicitFileType = sourcecode.c.h; fileEncoding = 30; name = TimerListener.h; path = ../../of_v0.8.0_osx_release/addons/ofxOsc/libs/oscpack/src/ip/TimerListener.h; sourceTree = SOURCE_ROOT; };
		D6EB0D4E8E68A395A9CFC1BF /* OscReceivedElements.cpp */ = {isa = PBXFileReference; explicitFileType = sourcecode.cpp.cpp; fileEncoding = 30; name = OscReceivedElements.cpp; path = ../../of_v0.8.0_osx_release/addons/ofxOsc/libs/oscpack/src/osc/OscReceivedElements.cpp; sourceTree = SOURCE_ROOT; };
		D7B4F4EBF46D2A76326B29EA /* ofxOscParameterSync.h */ = {isa = PBXFileReference; explicitFileType = sourcecode.c.h; fileEncoding = 30; name = ofxOscParameterSync.h; path = ../../of_v0.8.0_osx_release/addons/ofxOsc/src/ofxOscParameterSync.h; sourceTree = SOURCE_ROOT; };
		DE71E86E8036D3ADA8BB0A4D /* ofxMidiMessage.cpp */ = {isa = PBXFileReference; explicitFileType = sourcecode.cpp.cpp; fileEncoding = 30; name = ofxMidiMessage.cpp; path = ../../of_v0.8.0_osx_release/addons/ofxMidi/src/ofxMidiMessage.cpp; sourceTree = SOURCE_ROOT; };
		E3EA3665F1C487406214E2D8 /* OscPrintReceivedElements.h */ = {isa = PBXFileReference; explicitFileType = sourcecode.c.h; fileEncoding = 30; name = OscPrintReceivedElements.h; path = ../../of_v0.8.0_osx_release/addons/ofxOsc/libs/oscpack/src/osc/OscPrintReceivedElements.h; sourceTree = SOURCE_ROOT; };
		E4328143138ABC890047C5CB /* openFrameworksLib.xcodeproj */ = {isa = PBXFileReference; lastKnownFileType = "wrapper.pb-project"; name = openFrameworksLib.xcodeproj; path = ../../of_v0.8.0_osx_release/libs/openFrameworksCompiled/project/osx/openFrameworksLib.xcodeproj; sourceTree = SOURCE_ROOT; };
		E45BE9710E8CC7DD009D7055 /* AGL.framework */ = {isa = PBXFileReference; lastKnownFileType = wrapper.framework; name = AGL.framework; path = /System/Library/Frameworks/AGL.framework; sourceTree = "<absolute>"; };
		E45BE9720E8CC7DD009D7055 /* ApplicationServices.framework */ = {isa = PBXFileReference; lastKnownFileType = wrapper.framework; name = ApplicationServices.framework; path = /System/Library/Frameworks/ApplicationServices.framework; sourceTree = "<absolute>"; };
		E45BE9730E8CC7DD009D7055 /* AudioToolbox.framework */ = {isa = PBXFileReference; lastKnownFileType = wrapper.framework; name = AudioToolbox.framework; path = /System/Library/Frameworks/AudioToolbox.framework; sourceTree = "<absolute>"; };
		E45BE9740E8CC7DD009D7055 /* Carbon.framework */ = {isa = PBXFileReference; lastKnownFileType = wrapper.framework; name = Carbon.framework; path = /System/Library/Frameworks/Carbon.framework; sourceTree = "<absolute>"; };
		E45BE9750E8CC7DD009D7055 /* CoreAudio.framework */ = {isa = PBXFileReference; lastKnownFileType = wrapper.framework; name = CoreAudio.framework; path = /System/Library/Frameworks/CoreAudio.framework; sourceTree = "<absolute>"; };
		E45BE9760E8CC7DD009D7055 /* CoreFoundation.framework */ = {isa = PBXFileReference; lastKnownFileType = wrapper.framework; name = CoreFoundation.framework; path = /System/Library/Frameworks/CoreFoundation.framework; sourceTree = "<absolute>"; };
		E45BE9770E8CC7DD009D7055 /* CoreServices.framework */ = {isa = PBXFileReference; lastKnownFileType = wrapper.framework; name = CoreServices.framework; path = /System/Library/Frameworks/CoreServices.framework; sourceTree = "<absolute>"; };
		E45BE9790E8CC7DD009D7055 /* OpenGL.framework */ = {isa = PBXFileReference; lastKnownFileType = wrapper.framework; name = OpenGL.framework; path = /System/Library/Frameworks/OpenGL.framework; sourceTree = "<absolute>"; };
		E45BE97A0E8CC7DD009D7055 /* QuickTime.framework */ = {isa = PBXFileReference; lastKnownFileType = wrapper.framework; name = QuickTime.framework; path = /System/Library/Frameworks/QuickTime.framework; sourceTree = "<absolute>"; };
		E4B69B5B0A3A1756003C02F2 /* First_Astral_Sketch_Open_FrameworksDebug.app */ = {isa = PBXFileReference; explicitFileType = wrapper.application; includeInIndex = 0; path = First_Astral_Sketch_Open_FrameworksDebug.app; sourceTree = BUILT_PRODUCTS_DIR; };
		E4B69E1D0A3A1BDC003C02F2 /* main.cpp */ = {isa = PBXFileReference; fileEncoding = 30; lastKnownFileType = sourcecode.cpp.cpp; name = main.cpp; path = src/main.cpp; sourceTree = SOURCE_ROOT; };
		E4B69E1E0A3A1BDC003C02F2 /* testApp.cpp */ = {isa = PBXFileReference; explicitFileType = sourcecode.cpp.cpp; fileEncoding = 30; name = testApp.cpp; path = src/testApp.cpp; sourceTree = SOURCE_ROOT; };
		E4B69E1F0A3A1BDC003C02F2 /* testApp.h */ = {isa = PBXFileReference; fileEncoding = 30; lastKnownFileType = sourcecode.c.h; name = testApp.h; path = src/testApp.h; sourceTree = SOURCE_ROOT; };
		E4B6FCAD0C3E899E008CF71C /* openFrameworks-Info.plist */ = {isa = PBXFileReference; fileEncoding = 30; lastKnownFileType = text.plist.xml; path = "openFrameworks-Info.plist"; sourceTree = "<group>"; };
		E4C2424410CC5A17004149E2 /* AppKit.framework */ = {isa = PBXFileReference; lastKnownFileType = wrapper.framework; name = AppKit.framework; path = /System/Library/Frameworks/AppKit.framework; sourceTree = "<absolute>"; };
		E4C2424510CC5A17004149E2 /* Cocoa.framework */ = {isa = PBXFileReference; lastKnownFileType = wrapper.framework; name = Cocoa.framework; path = /System/Library/Frameworks/Cocoa.framework; sourceTree = "<absolute>"; };
		E4C2424610CC5A17004149E2 /* IOKit.framework */ = {isa = PBXFileReference; lastKnownFileType = wrapper.framework; name = IOKit.framework; path = /System/Library/Frameworks/IOKit.framework; sourceTree = "<absolute>"; };
		E4EB691F138AFCF100A09F29 /* CoreOF.xcconfig */ = {isa = PBXFileReference; fileEncoding = 4; lastKnownFileType = text.xcconfig; name = CoreOF.xcconfig; path = ../../of_v0.8.0_osx_release/libs/openFrameworksCompiled/project/osx/CoreOF.xcconfig; sourceTree = SOURCE_ROOT; };
		E4EB6923138AFD0F00A09F29 /* Project.xcconfig */ = {isa = PBXFileReference; fileEncoding = 4; lastKnownFileType = text.xcconfig; path = Project.xcconfig; sourceTree = "<group>"; };
		E7E077E415D3B63C0020DFD4 /* CoreVideo.framework */ = {isa = PBXFileReference; lastKnownFileType = wrapper.framework; name = CoreVideo.framework; path = /System/Library/Frameworks/CoreVideo.framework; sourceTree = "<absolute>"; };
		E7E077E715D3B6510020DFD4 /* QTKit.framework */ = {isa = PBXFileReference; lastKnownFileType = wrapper.framework; name = QTKit.framework; path = /System/Library/Frameworks/QTKit.framework; sourceTree = "<absolute>"; };
		E7F985F515E0DE99003869B5 /* Accelerate.framework */ = {isa = PBXFileReference; lastKnownFileType = wrapper.framework; name = Accelerate.framework; path = /System/Library/Frameworks/Accelerate.framework; sourceTree = "<absolute>"; };
		ED9779C4DD24A9B5638F4F74 /* OscException.h */ = {isa = PBXFileReference; explicitFileType = sourcecode.c.h; fileEncoding = 30; name = OscException.h; path = ../../of_v0.8.0_osx_release/addons/ofxOsc/libs/oscpack/src/osc/OscException.h; sourceTree = SOURCE_ROOT; };
		F02B44ECB08608FA1ACC116E /* ofxOscMessage.h */ = {isa = PBXFileReference; explicitFileType = sourcecode.c.h; fileEncoding = 30; name = ofxOscMessage.h; path = ../../of_v0.8.0_osx_release/addons/ofxOsc/src/ofxOscMessage.h; sourceTree = SOURCE_ROOT; };
		F410B6A66AB7A1EFA2434DB7 /* OscReceivedElements.h */ = {isa = PBXFileReference; explicitFileType = sourcecode.c.h; fileEncoding = 30; name = OscReceivedElements.h; path = ../../of_v0.8.0_osx_release/addons/ofxOsc/libs/oscpack/src/osc/OscReceivedElements.h; sourceTree = SOURCE_ROOT; };
		F5B00858EAE28526DC1C57A2 /* ofxMidiTypes.h */ = {isa = PBXFileReference; explicitFileType = sourcecode.c.h; fileEncoding = 30; name = ofxMidiTypes.h; path = ../../of_v0.8.0_osx_release/addons/ofxMidi/src/ofxMidiTypes.h; sourceTree = SOURCE_ROOT; };
		F992D387FB90184F3B6D0648 /* ofxMidiIn.h */ = {isa = PBXFileReference; explicitFileType = sourcecode.c.h; fileEncoding = 30; name = ofxMidiIn.h; path = ../../of_v0.8.0_osx_release/addons/ofxMidi/src/ofxMidiIn.h; sourceTree = SOURCE_ROOT; };
/* End PBXFileReference section */

/* Begin PBXFrameworksBuildPhase section */
		E4B69B590A3A1756003C02F2 /* Frameworks */ = {
			isa = PBXFrameworksBuildPhase;
			buildActionMask = 2147483647;
			files = (
				E7F985F815E0DEA3003869B5 /* Accelerate.framework in Frameworks */,
				E7E077E815D3B6510020DFD4 /* QTKit.framework in Frameworks */,
				E4EB6799138ADC1D00A09F29 /* GLUT.framework in Frameworks */,
				E4328149138ABC9F0047C5CB /* openFrameworksDebug.a in Frameworks */,
				E45BE97B0E8CC7DD009D7055 /* AGL.framework in Frameworks */,
				E45BE97C0E8CC7DD009D7055 /* ApplicationServices.framework in Frameworks */,
				E45BE97D0E8CC7DD009D7055 /* AudioToolbox.framework in Frameworks */,
				E45BE97E0E8CC7DD009D7055 /* Carbon.framework in Frameworks */,
				E45BE97F0E8CC7DD009D7055 /* CoreAudio.framework in Frameworks */,
				E45BE9800E8CC7DD009D7055 /* CoreFoundation.framework in Frameworks */,
				E45BE9810E8CC7DD009D7055 /* CoreServices.framework in Frameworks */,
				E45BE9830E8CC7DD009D7055 /* OpenGL.framework in Frameworks */,
				E45BE9840E8CC7DD009D7055 /* QuickTime.framework in Frameworks */,
				E4C2424710CC5A17004149E2 /* AppKit.framework in Frameworks */,
				E4C2424810CC5A17004149E2 /* Cocoa.framework in Frameworks */,
				E4C2424910CC5A17004149E2 /* IOKit.framework in Frameworks */,
				E7E077E515D3B63C0020DFD4 /* CoreVideo.framework in Frameworks */,
			);
			runOnlyForDeploymentPostprocessing = 0;
		};
/* End PBXFrameworksBuildPhase section */

/* Begin PBXGroup section */
		2413C01760B1811BED0F502D /* ofxMidi */ = {
			isa = PBXGroup;
			children = (
				9CBF51184BE294FD9D73043F /* src */,
				5A08CCDC8D19E7162DE57128 /* libs */,
			);
			name = ofxMidi;
			sourceTree = "<group>";
		};
		30CB364908817057B430D528 /* osc */ = {
			isa = PBXGroup;
			children = (
				78BDEFF30054166FCEDF3058 /* MessageMappingOscPacketListener.h */,
				ED9779C4DD24A9B5638F4F74 /* OscException.h */,
				A79CD4FBD7837A0A45048661 /* OscHostEndianness.h */,
				9210E18425B535DD65F150AF /* OscOutboundPacketStream.cpp */,
				8CC218456C51286EEFAC480E /* OscOutboundPacketStream.h */,
				6623938A8E7F1A9B2A22E139 /* OscPacketListener.h */,
				7645B3DE368858A2FC00E683 /* OscPrintReceivedElements.cpp */,
				E3EA3665F1C487406214E2D8 /* OscPrintReceivedElements.h */,
				D6EB0D4E8E68A395A9CFC1BF /* OscReceivedElements.cpp */,
				F410B6A66AB7A1EFA2434DB7 /* OscReceivedElements.h */,
				0C5885531A0B76A390B709FF /* OscTypes.cpp */,
				3CAE1DC64E3BFF5ECD6EBE22 /* OscTypes.h */,
			);
			name = osc;
			sourceTree = "<group>";
		};
		38871A5825686AE018EC2BF0 /* libs */ = {
			isa = PBXGroup;
			children = (
				86D2677079A3AF4A5A88E29A /* oscpack */,
			);
			name = libs;
			sourceTree = "<group>";
		};
		54296DFA1929E8F50024979C /* ofxSkyBox */ = {
			isa = PBXGroup;
			children = (
				54296DFB1929E8F50024979C /* src */,
			);
			name = ofxSkyBox;
			sourceTree = "<group>";
		};
		54296DFB1929E8F50024979C /* src */ = {
			isa = PBXGroup;
			children = (
				54296DFC1929E8F50024979C /* ofxCubeMap.cpp */,
				54296DFD1929E8F50024979C /* ofxCubeMap.h */,
				54296DFE1929E8F50024979C /* ofxSkyBox.cpp */,
				54296DFF1929E8F50024979C /* ofxSkyBox.h */,
			);
			name = src;
			path = ../../of_v0.8.0_osx_release/addons/ofxSkyBox/src;
			sourceTree = "<group>";
		};
		54961750192C83CB007663CA /* ofxOsc */ = {
			isa = PBXGroup;
			children = (
				54961751192C83CB007663CA /* src */,
				5496175E192C83CB007663CA /* libs */,
			);
			name = ofxOsc;
			sourceTree = "<group>";
		};
		54961751192C83CB007663CA /* src */ = {
			isa = PBXGroup;
			children = (
				54961752192C83CB007663CA /* ofxOsc.h */,
				54961753192C83CB007663CA /* ofxOscArg.h */,
				54961754192C83CB007663CA /* ofxOscBundle.cpp */,
				54961755192C83CB007663CA /* ofxOscBundle.h */,
				54961756192C83CB007663CA /* ofxOscMessage.cpp */,
				54961757192C83CB007663CA /* ofxOscMessage.h */,
				54961758192C83CB007663CA /* ofxOscParameterSync.cpp */,
				54961759192C83CB007663CA /* ofxOscParameterSync.h */,
				5496175A192C83CB007663CA /* ofxOscReceiver.cpp */,
				5496175B192C83CB007663CA /* ofxOscReceiver.h */,
				5496175C192C83CB007663CA /* ofxOscSender.cpp */,
				5496175D192C83CB007663CA /* ofxOscSender.h */,
			);
			name = src;
			path = ../../of_v0.8.0_osx_release/addons/ofxOsc/src;
			sourceTree = "<group>";
		};
		5496175E192C83CB007663CA /* libs */ = {
			isa = PBXGroup;
			children = (
				5496175F192C83CB007663CA /* oscpack */,
			);
			name = libs;
			path = ../../of_v0.8.0_osx_release/addons/ofxOsc/libs;
			sourceTree = "<group>";
		};
		5496175F192C83CB007663CA /* oscpack */ = {
			isa = PBXGroup;
			children = (
				54961760192C83CB007663CA /* src */,
			);
			path = oscpack;
			sourceTree = "<group>";
		};
		54961760192C83CB007663CA /* src */ = {
			isa = PBXGroup;
			children = (
				54961761192C83CB007663CA /* ip */,
				5496176E192C83CB007663CA /* osc */,
			);
			path = src;
			sourceTree = "<group>";
		};
		54961761192C83CB007663CA /* ip */ = {
			isa = PBXGroup;
			children = (
				54961762192C83CB007663CA /* IpEndpointName.cpp */,
				54961763192C83CB007663CA /* IpEndpointName.h */,
				54961764192C83CB007663CA /* NetworkingUtils.h */,
				54961765192C83CB007663CA /* PacketListener.h */,
				54961766192C83CB007663CA /* posix */,
				54961769192C83CB007663CA /* TimerListener.h */,
				5496176A192C83CB007663CA /* UdpSocket.h */,
			);
			path = ip;
			sourceTree = "<group>";
		};
		54961766192C83CB007663CA /* posix */ = {
			isa = PBXGroup;
			children = (
				54961767192C83CB007663CA /* NetworkingUtils.cpp */,
				54961768192C83CB007663CA /* UdpSocket.cpp */,
			);
			path = posix;
			sourceTree = "<group>";
		};
		5496176E192C83CB007663CA /* osc */ = {
			isa = PBXGroup;
			children = (
				5496176F192C83CB007663CA /* MessageMappingOscPacketListener.h */,
				54961770192C83CB007663CA /* OscException.h */,
				54961771192C83CB007663CA /* OscHostEndianness.h */,
				54961772192C83CB007663CA /* OscOutboundPacketStream.cpp */,
				54961773192C83CB007663CA /* OscOutboundPacketStream.h */,
				54961774192C83CB007663CA /* OscPacketListener.h */,
				54961775192C83CB007663CA /* OscPrintReceivedElements.cpp */,
				54961776192C83CB007663CA /* OscPrintReceivedElements.h */,
				54961777192C83CB007663CA /* OscReceivedElements.cpp */,
				54961778192C83CB007663CA /* OscReceivedElements.h */,
				54961779192C83CB007663CA /* OscTypes.cpp */,
				5496177A192C83CB007663CA /* OscTypes.h */,
			);
			path = osc;
			sourceTree = "<group>";
		};
		54961787192C8775007663CA /* ofxOsc */ = {
			isa = PBXGroup;
			children = (
				54961788192C8775007663CA /* src */,
				54961795192C8775007663CA /* libs */,
			);
			name = ofxOsc;
			sourceTree = "<group>";
		};
		54961788192C8775007663CA /* src */ = {
			isa = PBXGroup;
			children = (
				54961789192C8775007663CA /* ofxOsc.h */,
				5496178A192C8775007663CA /* ofxOscArg.h */,
				5496178B192C8775007663CA /* ofxOscBundle.cpp */,
				5496178C192C8775007663CA /* ofxOscBundle.h */,
				5496178D192C8775007663CA /* ofxOscMessage.cpp */,
				5496178E192C8775007663CA /* ofxOscMessage.h */,
				5496178F192C8775007663CA /* ofxOscParameterSync.cpp */,
				54961790192C8775007663CA /* ofxOscParameterSync.h */,
				54961791192C8775007663CA /* ofxOscReceiver.cpp */,
				54961792192C8775007663CA /* ofxOscReceiver.h */,
				54961793192C8775007663CA /* ofxOscSender.cpp */,
				54961794192C8775007663CA /* ofxOscSender.h */,
			);
			name = src;
			path = ../../of_v0.8.0_osx_release/addons/ofxOsc/src;
			sourceTree = "<group>";
		};
		54961795192C8775007663CA /* libs */ = {
			isa = PBXGroup;
			children = (
				54961796192C8775007663CA /* oscpack */,
			);
			name = libs;
			path = ../../of_v0.8.0_osx_release/addons/ofxOsc/libs;
			sourceTree = "<group>";
		};
		54961796192C8775007663CA /* oscpack */ = {
			isa = PBXGroup;
			children = (
				54961797192C8775007663CA /* src */,
			);
			path = oscpack;
			sourceTree = "<group>";
		};
		54961797192C8775007663CA /* src */ = {
			isa = PBXGroup;
			children = (
				54961798192C8775007663CA /* ip */,
				549617A5192C8775007663CA /* osc */,
			);
			path = src;
			sourceTree = "<group>";
		};
		54961798192C8775007663CA /* ip */ = {
			isa = PBXGroup;
			children = (
				54961799192C8775007663CA /* IpEndpointName.cpp */,
				5496179A192C8775007663CA /* IpEndpointName.h */,
				5496179B192C8775007663CA /* NetworkingUtils.h */,
				5496179C192C8775007663CA /* PacketListener.h */,
				5496179D192C8775007663CA /* posix */,
				549617A0192C8775007663CA /* TimerListener.h */,
				549617A1192C8775007663CA /* UdpSocket.h */,
			);
			path = ip;
			sourceTree = "<group>";
		};
		5496179D192C8775007663CA /* posix */ = {
			isa = PBXGroup;
			children = (
				5496179E192C8775007663CA /* NetworkingUtils.cpp */,
				5496179F192C8775007663CA /* UdpSocket.cpp */,
			);
			path = posix;
			sourceTree = "<group>";
		};
		549617A5192C8775007663CA /* osc */ = {
			isa = PBXGroup;
			children = (
				549617A6192C8775007663CA /* MessageMappingOscPacketListener.h */,
				549617A7192C8775007663CA /* OscException.h */,
				549617A8192C8775007663CA /* OscHostEndianness.h */,
				549617A9192C8775007663CA /* OscOutboundPacketStream.cpp */,
				549617AA192C8775007663CA /* OscOutboundPacketStream.h */,
				549617AB192C8775007663CA /* OscPacketListener.h */,
				549617AC192C8775007663CA /* OscPrintReceivedElements.cpp */,
				549617AD192C8775007663CA /* OscPrintReceivedElements.h */,
				549617AE192C8776007663CA /* OscReceivedElements.cpp */,
				549617AF192C8776007663CA /* OscReceivedElements.h */,
				549617B0192C8776007663CA /* OscTypes.cpp */,
				549617B1192C8776007663CA /* OscTypes.h */,
			);
			path = osc;
			sourceTree = "<group>";
		};
		549617BE192C87ED007663CA /* ofxOsc */ = {
			isa = PBXGroup;
			children = (
				549617BF192C87ED007663CA /* src */,
				549617CC192C87ED007663CA /* libs */,
			);
			name = ofxOsc;
			sourceTree = "<group>";
		};
		549617BF192C87ED007663CA /* src */ = {
			isa = PBXGroup;
			children = (
				549617C0192C87ED007663CA /* ofxOsc.h */,
				549617C1192C87ED007663CA /* ofxOscArg.h */,
				549617C2192C87ED007663CA /* ofxOscBundle.cpp */,
				549617C3192C87ED007663CA /* ofxOscBundle.h */,
				549617C4192C87ED007663CA /* ofxOscMessage.cpp */,
				549617C5192C87ED007663CA /* ofxOscMessage.h */,
				549617C6192C87ED007663CA /* ofxOscParameterSync.cpp */,
				549617C7192C87ED007663CA /* ofxOscParameterSync.h */,
				549617C8192C87ED007663CA /* ofxOscReceiver.cpp */,
				549617C9192C87ED007663CA /* ofxOscReceiver.h */,
				549617CA192C87ED007663CA /* ofxOscSender.cpp */,
				549617CB192C87ED007663CA /* ofxOscSender.h */,
			);
			name = src;
			path = ../../of_v0.8.0_osx_release/addons/ofxOsc/src;
			sourceTree = "<group>";
		};
		549617CC192C87ED007663CA /* libs */ = {
			isa = PBXGroup;
			children = (
				549617CD192C87ED007663CA /* oscpack */,
			);
			name = libs;
			path = ../../of_v0.8.0_osx_release/addons/ofxOsc/libs;
			sourceTree = "<group>";
		};
		549617CD192C87ED007663CA /* oscpack */ = {
			isa = PBXGroup;
			children = (
				549617CE192C87ED007663CA /* src */,
			);
			path = oscpack;
			sourceTree = "<group>";
		};
		549617CE192C87ED007663CA /* src */ = {
			isa = PBXGroup;
			children = (
				549617CF192C87ED007663CA /* ip */,
				549617DC192C87ED007663CA /* osc */,
			);
			path = src;
			sourceTree = "<group>";
		};
		549617CF192C87ED007663CA /* ip */ = {
			isa = PBXGroup;
			children = (
				549617D0192C87ED007663CA /* IpEndpointName.cpp */,
				549617D1192C87ED007663CA /* IpEndpointName.h */,
				549617D2192C87ED007663CA /* NetworkingUtils.h */,
				549617D3192C87ED007663CA /* PacketListener.h */,
				549617D4192C87ED007663CA /* posix */,
				549617D7192C87ED007663CA /* TimerListener.h */,
				549617D8192C87ED007663CA /* UdpSocket.h */,
			);
			path = ip;
			sourceTree = "<group>";
		};
		549617D4192C87ED007663CA /* posix */ = {
			isa = PBXGroup;
			children = (
				549617D5192C87ED007663CA /* NetworkingUtils.cpp */,
				549617D6192C87ED007663CA /* UdpSocket.cpp */,
			);
			path = posix;
			sourceTree = "<group>";
		};
		549617DC192C87ED007663CA /* osc */ = {
			isa = PBXGroup;
			children = (
				549617DD192C87ED007663CA /* MessageMappingOscPacketListener.h */,
				549617DE192C87ED007663CA /* OscException.h */,
				549617DF192C87ED007663CA /* OscHostEndianness.h */,
				549617E0192C87ED007663CA /* OscOutboundPacketStream.cpp */,
				549617E1192C87ED007663CA /* OscOutboundPacketStream.h */,
				549617E2192C87ED007663CA /* OscPacketListener.h */,
				549617E3192C87ED007663CA /* OscPrintReceivedElements.cpp */,
				549617E4192C87ED007663CA /* OscPrintReceivedElements.h */,
				549617E5192C87ED007663CA /* OscReceivedElements.cpp */,
				549617E6192C87ED007663CA /* OscReceivedElements.h */,
				549617E7192C87ED007663CA /* OscTypes.cpp */,
				549617E8192C87ED007663CA /* OscTypes.h */,
			);
			path = osc;
			sourceTree = "<group>";
		};
		5A08CCDC8D19E7162DE57128 /* libs */ = {
			isa = PBXGroup;
			children = (
				945CEFADFB0DF400A92A507C /* rtmidi */,
			);
			name = libs;
			sourceTree = "<group>";
		};
		641362CA659FAFEE4E81001B /* posix */ = {
			isa = PBXGroup;
			children = (
				4AA59EAFF8EB23BBC60DC288 /* NetworkingUtils.cpp */,
				41BB488641344894373CA2AC /* UdpSocket.cpp */,
			);
			name = posix;
			sourceTree = "<group>";
		};
		86D2677079A3AF4A5A88E29A /* oscpack */ = {
			isa = PBXGroup;
			children = (
				D27B2221A225CA523C019676 /* src */,
			);
			name = oscpack;
			sourceTree = "<group>";
		};
		945CEFADFB0DF400A92A507C /* rtmidi */ = {
			isa = PBXGroup;
			children = (
				4F56A641A812044E5EC7EC42 /* RtError.h */,
				C078C874BCDC934842A81B81 /* RtMidi.cpp */,
				5710627DFFE1A214F4882FB3 /* RtMidi.h */,
			);
			name = rtmidi;
			sourceTree = "<group>";
		};
		99DED6A5D3EDE030B1A80348 /* desktop */ = {
			isa = PBXGroup;
			children = (
				5033BD0DCCC3DA63EFE25C32 /* ofxRtMidiIn.cpp */,
				9BE0B8CD89D159FDDF367F5E /* ofxRtMidiIn.h */,
				5AD85C65B562E2766DEEEA25 /* ofxRtMidiOut.cpp */,
				884FFF124AA771769C1BE621 /* ofxRtMidiOut.h */,
			);
			name = desktop;
			sourceTree = "<group>";
		};
		9CBF51184BE294FD9D73043F /* src */ = {
			isa = PBXGroup;
			children = (
				99DED6A5D3EDE030B1A80348 /* desktop */,
				1CCEA9C16AD383CA24260F49 /* ofxBaseMidi.cpp */,
				2ED50B844B9936EDB6F1B4A2 /* ofxBaseMidi.h */,
				87F4945DFEC238B14E6F9546 /* ofxMidi.cpp */,
				B89466F64DBCFA7DCE9C2E4D /* ofxMidi.h */,
				8C9076B58F76A8661B40A802 /* ofxMidiConstants.h */,
				447FEE1205FEC82A7EADD367 /* ofxMidiIn.cpp */,
				F992D387FB90184F3B6D0648 /* ofxMidiIn.h */,
				DE71E86E8036D3ADA8BB0A4D /* ofxMidiMessage.cpp */,
				BBFCD317FE62BD723E96B7F4 /* ofxMidiMessage.h */,
				C794F73CD7262AB830BD5859 /* ofxMidiOut.cpp */,
				973EE0080BAD99463EE9D8EB /* ofxMidiOut.h */,
				F5B00858EAE28526DC1C57A2 /* ofxMidiTypes.h */,
			);
			name = src;
			sourceTree = "<group>";
		};
		BA6760AC87647DD61A92BD41 /* win32 */ = {
			isa = PBXGroup;
			children = (
				335095410C6CEDE713592A76 /* NetworkingUtilsWin.cpp */,
				7837D1BE209B1B853F95789B /* UdpSocketWin.cpp */,
			);
			name = win32;
			sourceTree = "<group>";
		};
		BB4B014C10F69532006C3DED /* addons */ = {
			isa = PBXGroup;
			children = (
				549617BE192C87ED007663CA /* ofxOsc */,
				54961787192C8775007663CA /* ofxOsc */,
				54961750192C83CB007663CA /* ofxOsc */,
				54296DFA1929E8F50024979C /* ofxSkyBox */,
				E6053AB7FEC63D5F83825B88 /* ofxOsc */,
				2413C01760B1811BED0F502D /* ofxMidi */,
			);
			name = addons;
			sourceTree = "<group>";
		};
		BBAB23C913894ECA00AA2426 /* system frameworks */ = {
			isa = PBXGroup;
			children = (
				E7F985F515E0DE99003869B5 /* Accelerate.framework */,
				E4C2424410CC5A17004149E2 /* AppKit.framework */,
				E4C2424510CC5A17004149E2 /* Cocoa.framework */,
				E4C2424610CC5A17004149E2 /* IOKit.framework */,
				E45BE9710E8CC7DD009D7055 /* AGL.framework */,
				E45BE9720E8CC7DD009D7055 /* ApplicationServices.framework */,
				E45BE9730E8CC7DD009D7055 /* AudioToolbox.framework */,
				E45BE9740E8CC7DD009D7055 /* Carbon.framework */,
				E45BE9750E8CC7DD009D7055 /* CoreAudio.framework */,
				E45BE9760E8CC7DD009D7055 /* CoreFoundation.framework */,
				E45BE9770E8CC7DD009D7055 /* CoreServices.framework */,
				E45BE9790E8CC7DD009D7055 /* OpenGL.framework */,
				E45BE97A0E8CC7DD009D7055 /* QuickTime.framework */,
				E7E077E415D3B63C0020DFD4 /* CoreVideo.framework */,
				E7E077E715D3B6510020DFD4 /* QTKit.framework */,
				1126B15512AA9E59C063DDEA /* CoreMIDI */,
			);
			name = "system frameworks";
			sourceTree = "<group>";
		};
		BBAB23CA13894EDB00AA2426 /* 3rd party frameworks */ = {
			isa = PBXGroup;
			children = (
				BBAB23BE13894E4700AA2426 /* GLUT.framework */,
			);
			name = "3rd party frameworks";
			sourceTree = "<group>";
		};
		BD2F1A9F8D0C05EDB29122D0 /* src */ = {
			isa = PBXGroup;
			children = (
				B7CCFE5F1CE399C6AD26B6F6 /* ofxOsc.h */,
				4547DC9A297C9279C53E6412 /* ofxOscArg.h */,
				9177183D8905087C947B6987 /* ofxOscBundle.cpp */,
				0196E4AA24A98965C06E0A0B /* ofxOscBundle.h */,
				00F3F13E813062A69FE3E8A0 /* ofxOscMessage.cpp */,
				F02B44ECB08608FA1ACC116E /* ofxOscMessage.h */,
				37D1FF3408EE2CEA9FF2D11C /* ofxOscParameterSync.cpp */,
				D7B4F4EBF46D2A76326B29EA /* ofxOscParameterSync.h */,
				B7468A97EA2F8A55ECC49CB5 /* ofxOscReceiver.cpp */,
				39B827DA3596409A453165D7 /* ofxOscReceiver.h */,
				17A6EFECF56EDD9E255B07FE /* ofxOscSender.cpp */,
				A7D085EF6651E24E939241F9 /* ofxOscSender.h */,
			);
			name = src;
			sourceTree = "<group>";
		};
		D27B2221A225CA523C019676 /* src */ = {
			isa = PBXGroup;
			children = (
				FF8CDF57858E9B94E3237115 /* ip */,
				30CB364908817057B430D528 /* osc */,
			);
			name = src;
			sourceTree = "<group>";
		};
		E4328144138ABC890047C5CB /* Products */ = {
			isa = PBXGroup;
			children = (
				E4328148138ABC890047C5CB /* openFrameworksDebug.a */,
			);
			name = Products;
			sourceTree = "<group>";
		};
		E45BE5980E8CC70C009D7055 /* frameworks */ = {
			isa = PBXGroup;
			children = (
				BBAB23CA13894EDB00AA2426 /* 3rd party frameworks */,
				BBAB23C913894ECA00AA2426 /* system frameworks */,
			);
			name = frameworks;
			sourceTree = "<group>";
		};
		E4B69B4A0A3A1720003C02F2 = {
			isa = PBXGroup;
			children = (
				E4B6FCAD0C3E899E008CF71C /* openFrameworks-Info.plist */,
				E4EB6923138AFD0F00A09F29 /* Project.xcconfig */,
				E4B69E1C0A3A1BDC003C02F2 /* src */,
				E4EEC9E9138DF44700A80321 /* openFrameworks */,
				BB4B014C10F69532006C3DED /* addons */,
				E45BE5980E8CC70C009D7055 /* frameworks */,
				E4B69B5B0A3A1756003C02F2 /* First_Astral_Sketch_Open_FrameworksDebug.app */,
			);
			sourceTree = "<group>";
		};
		E4B69E1C0A3A1BDC003C02F2 /* src */ = {
			isa = PBXGroup;
			children = (
				E4B69E1D0A3A1BDC003C02F2 /* main.cpp */,
				54296DF5192982570024979C /* constellation.cpp */,
				54296DF6192982570024979C /* constellation.h */,
				E4B69E1E0A3A1BDC003C02F2 /* testApp.cpp */,
				E4B69E1F0A3A1BDC003C02F2 /* testApp.h */,
				54296DF219296CFE0024979C /* backDrop.cpp */,
				54296DF319296CFE0024979C /* backDrop.h */,
			);
			path = src;
			sourceTree = SOURCE_ROOT;
		};
		E4EEC9E9138DF44700A80321 /* openFrameworks */ = {
			isa = PBXGroup;
			children = (
				E4EB691F138AFCF100A09F29 /* CoreOF.xcconfig */,
				E4328143138ABC890047C5CB /* openFrameworksLib.xcodeproj */,
			);
			name = openFrameworks;
			sourceTree = "<group>";
		};
		E6053AB7FEC63D5F83825B88 /* ofxOsc */ = {
			isa = PBXGroup;
			children = (
				BD2F1A9F8D0C05EDB29122D0 /* src */,
				38871A5825686AE018EC2BF0 /* libs */,
			);
			name = ofxOsc;
			sourceTree = "<group>";
		};
		FF8CDF57858E9B94E3237115 /* ip */ = {
			isa = PBXGroup;
			children = (
				5B368AA85D44CE299BCD2C13 /* IpEndpointName.cpp */,
				2ECCEC32FD7852EA00CEC13E /* IpEndpointName.h */,
				0EC45BACE6457E8AD2A7FED9 /* NetworkingUtils.h */,
				552F83B3B7651736DA9929D7 /* PacketListener.h */,
				641362CA659FAFEE4E81001B /* posix */,
				D13255AE80662530FA292941 /* TimerListener.h */,
				9B3181A38D95F7312D433ADB /* UdpSocket.h */,
				BA6760AC87647DD61A92BD41 /* win32 */,
			);
			name = ip;
			sourceTree = "<group>";
		};
/* End PBXGroup section */

/* Begin PBXNativeTarget section */
		E4B69B5A0A3A1756003C02F2 /* First_Astral_Sketch_Open_Frameworks */ = {
			isa = PBXNativeTarget;
			buildConfigurationList = E4B69B5F0A3A1757003C02F2 /* Build configuration list for PBXNativeTarget "First_Astral_Sketch_Open_Frameworks" */;
			buildPhases = (
				E4B69B580A3A1756003C02F2 /* Sources */,
				E4B69B590A3A1756003C02F2 /* Frameworks */,
				E4B6FFFD0C3F9AB9008CF71C /* ShellScript */,
				E4C2427710CC5ABF004149E2 /* CopyFiles */,
			);
			buildRules = (
			);
			dependencies = (
				E4EEB9AC138B136A00A80321 /* PBXTargetDependency */,
			);
			name = First_Astral_Sketch_Open_Frameworks;
			productName = myOFApp;
			productReference = E4B69B5B0A3A1756003C02F2 /* First_Astral_Sketch_Open_FrameworksDebug.app */;
			productType = "com.apple.product-type.application";
		};
/* End PBXNativeTarget section */

/* Begin PBXProject section */
		E4B69B4C0A3A1720003C02F2 /* Project object */ = {
			isa = PBXProject;
			attributes = {
				LastUpgradeCheck = 0510;
			};
			buildConfigurationList = E4B69B4D0A3A1720003C02F2 /* Build configuration list for PBXProject "First_Astral_Sketch_Open_Frameworks" */;
			compatibilityVersion = "Xcode 3.2";
			developmentRegion = English;
			hasScannedForEncodings = 0;
			knownRegions = (
				English,
				Japanese,
				French,
				German,
			);
			mainGroup = E4B69B4A0A3A1720003C02F2;
			productRefGroup = E4B69B4A0A3A1720003C02F2;
			projectDirPath = "";
			projectReferences = (
				{
					ProductGroup = E4328144138ABC890047C5CB /* Products */;
					ProjectRef = E4328143138ABC890047C5CB /* openFrameworksLib.xcodeproj */;
				},
			);
			projectRoot = "";
			targets = (
				E4B69B5A0A3A1756003C02F2 /* First_Astral_Sketch_Open_Frameworks */,
			);
		};
/* End PBXProject section */

/* Begin PBXReferenceProxy section */
		E4328148138ABC890047C5CB /* openFrameworksDebug.a */ = {
			isa = PBXReferenceProxy;
			fileType = archive.ar;
			path = openFrameworksDebug.a;
			remoteRef = E4328147138ABC890047C5CB /* PBXContainerItemProxy */;
			sourceTree = BUILT_PRODUCTS_DIR;
		};
/* End PBXReferenceProxy section */

/* Begin PBXShellScriptBuildPhase section */
		E4B6FFFD0C3F9AB9008CF71C /* ShellScript */ = {
			isa = PBXShellScriptBuildPhase;
			buildActionMask = 2147483647;
			files = (
			);
			inputPaths = (
			);
			outputPaths = (
			);
			runOnlyForDeploymentPostprocessing = 0;
			shellPath = /bin/sh;
			shellScript = "cp -f ../../of_v0.8.0_osx_release/libs/fmodex/lib/osx/libfmodex.dylib \"$TARGET_BUILD_DIR/$PRODUCT_NAME.app/Contents/MacOS/libfmodex.dylib\"; install_name_tool -change ./libfmodex.dylib @executable_path/libfmodex.dylib \"$TARGET_BUILD_DIR/$PRODUCT_NAME.app/Contents/MacOS/$PRODUCT_NAME\";\nmkdir -p \"$TARGET_BUILD_DIR/$PRODUCT_NAME.app/Contents/Resources/\"\ncp -f \"$ICON_FILE\" \"$TARGET_BUILD_DIR/$PRODUCT_NAME.app/Contents/Resources/\"\n";
		};
/* End PBXShellScriptBuildPhase section */

/* Begin PBXSourcesBuildPhase section */
		E4B69B580A3A1756003C02F2 /* Sources */ = {
			isa = PBXSourcesBuildPhase;
			buildActionMask = 2147483647;
			files = (
				E4B69E200A3A1BDC003C02F2 /* main.cpp in Sources */,
				549617F4192C87ED007663CA /* OscTypes.cpp in Sources */,
				549617EB192C87ED007663CA /* ofxOscParameterSync.cpp in Sources */,
				549617F0192C87ED007663CA /* UdpSocket.cpp in Sources */,
				E4B69E210A3A1BDC003C02F2 /* testApp.cpp in Sources */,
				54296DF419296CFE0024979C /* backDrop.cpp in Sources */,
				549617F1192C87ED007663CA /* OscOutboundPacketStream.cpp in Sources */,
				549617EC192C87ED007663CA /* ofxOscReceiver.cpp in Sources */,
				54296E011929E8F50024979C /* ofxSkyBox.cpp in Sources */,
				549617EF192C87ED007663CA /* NetworkingUtils.cpp in Sources */,
				549617ED192C87ED007663CA /* ofxOscSender.cpp in Sources */,
				54296DF7192982570024979C /* constellation.cpp in Sources */,
				549617F2192C87ED007663CA /* OscPrintReceivedElements.cpp in Sources */,
				331904A7517EE0E3BCF5D91D /* ofxRtMidiIn.cpp in Sources */,
				549617E9192C87ED007663CA /* ofxOscBundle.cpp in Sources */,
				5F1A2F9E2A769458030E2812 /* ofxRtMidiOut.cpp in Sources */,
				CB192461229607ED5A5CE2B1 /* ofxBaseMidi.cpp in Sources */,
				549617F3192C87ED007663CA /* OscReceivedElements.cpp in Sources */,
				549617EA192C87ED007663CA /* ofxOscMessage.cpp in Sources */,
				1242161A2514F98C6D62B3C3 /* ofxMidi.cpp in Sources */,
				6F7FE47139E27331A8D94BFD /* ofxMidiIn.cpp in Sources */,
				2A8E1E5C9D31CCD2D411B134 /* ofxMidiMessage.cpp in Sources */,
				16AB83D9D862B91E9421E3C8 /* ofxMidiOut.cpp in Sources */,
				D618606312A7B31B614230EA /* RtMidi.cpp in Sources */,
				549617EE192C87ED007663CA /* IpEndpointName.cpp in Sources */,
				54296E001929E8F50024979C /* ofxCubeMap.cpp in Sources */,
			);
			runOnlyForDeploymentPostprocessing = 0;
		};
/* End PBXSourcesBuildPhase section */

/* Begin PBXTargetDependency section */
		E4EEB9AC138B136A00A80321 /* PBXTargetDependency */ = {
			isa = PBXTargetDependency;
			name = openFrameworks;
			targetProxy = E4EEB9AB138B136A00A80321 /* PBXContainerItemProxy */;
		};
/* End PBXTargetDependency section */

/* Begin XCBuildConfiguration section */
		E4B69B4E0A3A1720003C02F2 /* Debug */ = {
			isa = XCBuildConfiguration;
			baseConfigurationReference = E4EB6923138AFD0F00A09F29 /* Project.xcconfig */;
			buildSettings = {
				ARCHS = "$(ARCHS_STANDARD_32_64_BIT)";
				CLANG_CXX_LIBRARY = "libstdc++";
				CONFIGURATION_BUILD_DIR = "$(SRCROOT)/bin/";
				COPY_PHASE_STRIP = NO;
				DEAD_CODE_STRIPPING = YES;
				GCC_AUTO_VECTORIZATION = YES;
				GCC_C_LANGUAGE_STANDARD = gnu99;
				GCC_ENABLE_SSE3_EXTENSIONS = YES;
				GCC_ENABLE_SUPPLEMENTAL_SSE3_INSTRUCTIONS = YES;
				GCC_INLINES_ARE_PRIVATE_EXTERN = NO;
				GCC_OPTIMIZATION_LEVEL = 0;
				GCC_SYMBOLS_PRIVATE_EXTERN = NO;
				GCC_WARN_ABOUT_DEPRECATED_FUNCTIONS = YES;
				GCC_WARN_ABOUT_INVALID_OFFSETOF_MACRO = NO;
				GCC_WARN_ALLOW_INCOMPLETE_PROTOCOL = NO;
				GCC_WARN_UNINITIALIZED_AUTOS = NO;
				GCC_WARN_UNUSED_VALUE = NO;
				GCC_WARN_UNUSED_VARIABLE = NO;
				HEADER_SEARCH_PATHS = (
					"$(OF_CORE_HEADERS)",
					src,
					../../of_v0.8.0_osx_release/addons/ofxOsc/libs,
					../../of_v0.8.0_osx_release/addons/ofxOsc/libs/oscpack,
					../../of_v0.8.0_osx_release/addons/ofxOsc/libs/oscpack/src,
					../../of_v0.8.0_osx_release/addons/ofxOsc/libs/oscpack/src/ip,
					../../of_v0.8.0_osx_release/addons/ofxOsc/libs/oscpack/src/ip/posix,
					../../of_v0.8.0_osx_release/addons/ofxOsc/libs/oscpack/src/ip/win32,
					../../of_v0.8.0_osx_release/addons/ofxOsc/libs/oscpack/src/osc,
					../../of_v0.8.0_osx_release/addons/ofxOsc/src,
					../../of_v0.8.0_osx_release/addons/ofxMidi/libs,
					../../of_v0.8.0_osx_release/addons/ofxMidi/libs/pgmidi,
					../../of_v0.8.0_osx_release/addons/ofxMidi/libs/rtmidi,
					../../of_v0.8.0_osx_release/addons/ofxMidi/src,
					../../of_v0.8.0_osx_release/addons/ofxMidi/src/desktop,
					../../of_v0.8.0_osx_release/addons/ofxMidi/src/ios,
				);
				MACOSX_DEPLOYMENT_TARGET = 10.6;
				ONLY_ACTIVE_ARCH = YES;
				OTHER_CPLUSPLUSFLAGS = (
					"-D__MACOSX_CORE__",
					"-lpthread",
					"-mtune=native",
				);
				SDKROOT = macosx;
			};
			name = Debug;
		};
		E4B69B4F0A3A1720003C02F2 /* Release */ = {
			isa = XCBuildConfiguration;
			baseConfigurationReference = E4EB6923138AFD0F00A09F29 /* Project.xcconfig */;
			buildSettings = {
				ARCHS = "$(ARCHS_STANDARD_32_64_BIT)";
				CLANG_CXX_LIBRARY = "libstdc++";
				CONFIGURATION_BUILD_DIR = "$(SRCROOT)/bin/";
				COPY_PHASE_STRIP = YES;
				DEAD_CODE_STRIPPING = YES;
				GCC_AUTO_VECTORIZATION = YES;
				GCC_C_LANGUAGE_STANDARD = gnu99;
				GCC_ENABLE_SSE3_EXTENSIONS = YES;
				GCC_ENABLE_SUPPLEMENTAL_SSE3_INSTRUCTIONS = YES;
				GCC_INLINES_ARE_PRIVATE_EXTERN = NO;
				GCC_OPTIMIZATION_LEVEL = 3;
				GCC_SYMBOLS_PRIVATE_EXTERN = NO;
				GCC_UNROLL_LOOPS = YES;
				GCC_WARN_ABOUT_DEPRECATED_FUNCTIONS = YES;
				GCC_WARN_ABOUT_INVALID_OFFSETOF_MACRO = NO;
				GCC_WARN_ALLOW_INCOMPLETE_PROTOCOL = NO;
				GCC_WARN_UNINITIALIZED_AUTOS = NO;
				GCC_WARN_UNUSED_VALUE = NO;
				GCC_WARN_UNUSED_VARIABLE = NO;
				HEADER_SEARCH_PATHS = (
					"$(OF_CORE_HEADERS)",
					src,
					../../of_v0.8.0_osx_release/addons/ofxOsc/libs,
					../../of_v0.8.0_osx_release/addons/ofxOsc/libs/oscpack,
					../../of_v0.8.0_osx_release/addons/ofxOsc/libs/oscpack/src,
					../../of_v0.8.0_osx_release/addons/ofxOsc/libs/oscpack/src/ip,
					../../of_v0.8.0_osx_release/addons/ofxOsc/libs/oscpack/src/ip/posix,
					../../of_v0.8.0_osx_release/addons/ofxOsc/libs/oscpack/src/ip/win32,
					../../of_v0.8.0_osx_release/addons/ofxOsc/libs/oscpack/src/osc,
					../../of_v0.8.0_osx_release/addons/ofxOsc/src,
					../../of_v0.8.0_osx_release/addons/ofxMidi/libs,
					../../of_v0.8.0_osx_release/addons/ofxMidi/libs/pgmidi,
					../../of_v0.8.0_osx_release/addons/ofxMidi/libs/rtmidi,
					../../of_v0.8.0_osx_release/addons/ofxMidi/src,
					../../of_v0.8.0_osx_release/addons/ofxMidi/src/desktop,
					../../of_v0.8.0_osx_release/addons/ofxMidi/src/ios,
				);
				MACOSX_DEPLOYMENT_TARGET = 10.6;
				ONLY_ACTIVE_ARCH = YES;
				OTHER_CPLUSPLUSFLAGS = (
					"-D__MACOSX_CORE__",
					"-lpthread",
					"-mtune=native",
				);
				SDKROOT = macosx;
			};
			name = Release;
		};
		E4B69B600A3A1757003C02F2 /* Debug */ = {
			isa = XCBuildConfiguration;
			buildSettings = {
				COMBINE_HIDPI_IMAGES = YES;
				COPY_PHASE_STRIP = NO;
				FRAMEWORK_SEARCH_PATHS = (
					"$(inherited)",
					"$(FRAMEWORK_SEARCH_PATHS_QUOTED_FOR_TARGET_1)",
				);
				FRAMEWORK_SEARCH_PATHS_QUOTED_FOR_TARGET_1 = "\"$(SRCROOT)/../../of_v0.8.0_osx_release/libs/glut/lib/osx\"";
				GCC_DYNAMIC_NO_PIC = NO;
				GCC_GENERATE_DEBUGGING_SYMBOLS = YES;
				GCC_MODEL_TUNING = NONE;
				ICON = "$(ICON_NAME_DEBUG)";
				ICON_FILE = "$(ICON_FILE_PATH)$(ICON)";
				INFOPLIST_FILE = "openFrameworks-Info.plist";
				INSTALL_PATH = "$(HOME)/Applications";
				LIBRARY_SEARCH_PATHS = (
					"$(inherited)",
					"$(LIBRARY_SEARCH_PATHS_QUOTED_FOR_TARGET_1)",
					"$(LIBRARY_SEARCH_PATHS_QUOTED_FOR_TARGET_2)",
					"$(LIBRARY_SEARCH_PATHS_QUOTED_FOR_TARGET_3)",
					"$(LIBRARY_SEARCH_PATHS_QUOTED_FOR_TARGET_4)",
					"$(LIBRARY_SEARCH_PATHS_QUOTED_FOR_TARGET_5)",
					"$(LIBRARY_SEARCH_PATHS_QUOTED_FOR_TARGET_6)",
					"$(LIBRARY_SEARCH_PATHS_QUOTED_FOR_TARGET_7)",
					"$(LIBRARY_SEARCH_PATHS_QUOTED_FOR_TARGET_8)",
					"$(LIBRARY_SEARCH_PATHS_QUOTED_FOR_TARGET_9)",
					"$(LIBRARY_SEARCH_PATHS_QUOTED_FOR_TARGET_10)",
					"$(LIBRARY_SEARCH_PATHS_QUOTED_FOR_TARGET_11)",
					"$(LIBRARY_SEARCH_PATHS_QUOTED_FOR_TARGET_12)",
					"$(LIBRARY_SEARCH_PATHS_QUOTED_FOR_TARGET_13)",
					"$(LIBRARY_SEARCH_PATHS_QUOTED_FOR_TARGET_14)",
					"$(LIBRARY_SEARCH_PATHS_QUOTED_FOR_TARGET_15)",
					"$(LIBRARY_SEARCH_PATHS_QUOTED_FOR_TARGET_2)",
					"$(LIBRARY_SEARCH_PATHS_QUOTED_FOR_TARGET_3)",
					"$(LIBRARY_SEARCH_PATHS_QUOTED_FOR_TARGET_7)",
					"$(LIBRARY_SEARCH_PATHS_QUOTED_FOR_TARGET_8)",
					"$(LIBRARY_SEARCH_PATHS_QUOTED_FOR_TARGET_9)",
					"$(LIBRARY_SEARCH_PATHS_QUOTED_FOR_TARGET_10)",
					"$(LIBRARY_SEARCH_PATHS_QUOTED_FOR_TARGET_11)",
					"$(LIBRARY_SEARCH_PATHS_QUOTED_FOR_TARGET_12)",
					"$(LIBRARY_SEARCH_PATHS_QUOTED_FOR_TARGET_13)",
					"$(LIBRARY_SEARCH_PATHS_QUOTED_FOR_TARGET_16)",
					"$(LIBRARY_SEARCH_PATHS_QUOTED_FOR_TARGET_17)",
					"$(LIBRARY_SEARCH_PATHS_QUOTED_FOR_TARGET_18)",
					"$(LIBRARY_SEARCH_PATHS_QUOTED_FOR_TARGET_19)",
					"$(LIBRARY_SEARCH_PATHS_QUOTED_FOR_TARGET_20)",
					"$(LIBRARY_SEARCH_PATHS_QUOTED_FOR_TARGET_21)",
					"$(LIBRARY_SEARCH_PATHS_QUOTED_FOR_TARGET_22)",
					"$(LIBRARY_SEARCH_PATHS_QUOTED_FOR_TARGET_23)",
					"$(LIBRARY_SEARCH_PATHS_QUOTED_FOR_TARGET_24)",
					"$(LIBRARY_SEARCH_PATHS_QUOTED_FOR_TARGET_25)",
					"$(LIBRARY_SEARCH_PATHS_QUOTED_FOR_TARGET_26)",
					"$(LIBRARY_SEARCH_PATHS_QUOTED_FOR_TARGET_27)",
					"$(LIBRARY_SEARCH_PATHS_QUOTED_FOR_TARGET_28)",
					"$(LIBRARY_SEARCH_PATHS_QUOTED_FOR_TARGET_29)",
					"$(LIBRARY_SEARCH_PATHS_QUOTED_FOR_TARGET_30)",
					"$(LIBRARY_SEARCH_PATHS_QUOTED_FOR_TARGET_31)",
					"$(LIBRARY_SEARCH_PATHS_QUOTED_FOR_TARGET_32)",
					"$(LIBRARY_SEARCH_PATHS_QUOTED_FOR_TARGET_33)",
					"$(LIBRARY_SEARCH_PATHS_QUOTED_FOR_TARGET_34)",
					"$(LIBRARY_SEARCH_PATHS_QUOTED_FOR_TARGET_35)",
					"$(LIBRARY_SEARCH_PATHS_QUOTED_FOR_TARGET_36)",
					"$(LIBRARY_SEARCH_PATHS_QUOTED_FOR_TARGET_37)",
					"$(LIBRARY_SEARCH_PATHS_QUOTED_FOR_TARGET_38)",
					"$(LIBRARY_SEARCH_PATHS_QUOTED_FOR_TARGET_39)",
					"$(LIBRARY_SEARCH_PATHS_QUOTED_FOR_TARGET_40)",
					"$(LIBRARY_SEARCH_PATHS_QUOTED_FOR_TARGET_41)",
					"$(LIBRARY_SEARCH_PATHS_QUOTED_FOR_TARGET_42)",
					"$(LIBRARY_SEARCH_PATHS_QUOTED_FOR_TARGET_43)",
					"$(LIBRARY_SEARCH_PATHS_QUOTED_FOR_TARGET_44)",
					"$(LIBRARY_SEARCH_PATHS_QUOTED_FOR_TARGET_45)",
					"$(LIBRARY_SEARCH_PATHS_QUOTED_FOR_TARGET_46)",
					"$(LIBRARY_SEARCH_PATHS_QUOTED_FOR_TARGET_47)",
					"$(LIBRARY_SEARCH_PATHS_QUOTED_FOR_TARGET_48)",
					"$(LIBRARY_SEARCH_PATHS_QUOTED_FOR_TARGET_49)",
					"$(LIBRARY_SEARCH_PATHS_QUOTED_FOR_TARGET_50)",
					"$(LIBRARY_SEARCH_PATHS_QUOTED_FOR_TARGET_51)",
					"$(LIBRARY_SEARCH_PATHS_QUOTED_FOR_TARGET_52)",
				);
				PRODUCT_NAME = "$(TARGET_NAME)Debug";
				USER_HEADER_SEARCH_PATHS = "../../../addons/ofxOsc/libs/oscpack/src/ ../../../addons/ofxOsc/libs/oscpack/src/ ../../../addons/ofxOsc/libs/oscpack/src/ ../../../addons/ofxOsc/libs/oscpack/src/ ../../../addons/ofxOsc/libs/oscpack/src/ ../../../addons/ofxOsc/libs/oscpack/src/";
				WRAPPER_EXTENSION = app;
			};
			name = Debug;
		};
		E4B69B610A3A1757003C02F2 /* Release */ = {
			isa = XCBuildConfiguration;
			buildSettings = {
				COMBINE_HIDPI_IMAGES = YES;
				COPY_PHASE_STRIP = YES;
				FRAMEWORK_SEARCH_PATHS = (
					"$(inherited)",
					"$(FRAMEWORK_SEARCH_PATHS_QUOTED_FOR_TARGET_1)",
				);
				FRAMEWORK_SEARCH_PATHS_QUOTED_FOR_TARGET_1 = "\"$(SRCROOT)/../../of_v0.8.0_osx_release/libs/glut/lib/osx\"";
				GCC_GENERATE_DEBUGGING_SYMBOLS = YES;
				GCC_MODEL_TUNING = NONE;
				ICON = "$(ICON_NAME_RELEASE)";
				ICON_FILE = "$(ICON_FILE_PATH)$(ICON)";
				INFOPLIST_FILE = "openFrameworks-Info.plist";
				INSTALL_PATH = "$(HOME)/Applications";
				LIBRARY_SEARCH_PATHS = (
					"$(inherited)",
					"$(LIBRARY_SEARCH_PATHS_QUOTED_FOR_TARGET_1)",
					"$(LIBRARY_SEARCH_PATHS_QUOTED_FOR_TARGET_2)",
					"$(LIBRARY_SEARCH_PATHS_QUOTED_FOR_TARGET_3)",
					"$(LIBRARY_SEARCH_PATHS_QUOTED_FOR_TARGET_4)",
					"$(LIBRARY_SEARCH_PATHS_QUOTED_FOR_TARGET_5)",
					"$(LIBRARY_SEARCH_PATHS_QUOTED_FOR_TARGET_6)",
					"$(LIBRARY_SEARCH_PATHS_QUOTED_FOR_TARGET_7)",
					"$(LIBRARY_SEARCH_PATHS_QUOTED_FOR_TARGET_8)",
					"$(LIBRARY_SEARCH_PATHS_QUOTED_FOR_TARGET_9)",
					"$(LIBRARY_SEARCH_PATHS_QUOTED_FOR_TARGET_10)",
					"$(LIBRARY_SEARCH_PATHS_QUOTED_FOR_TARGET_11)",
					"$(LIBRARY_SEARCH_PATHS_QUOTED_FOR_TARGET_12)",
					"$(LIBRARY_SEARCH_PATHS_QUOTED_FOR_TARGET_13)",
					"$(LIBRARY_SEARCH_PATHS_QUOTED_FOR_TARGET_14)",
					"$(LIBRARY_SEARCH_PATHS_QUOTED_FOR_TARGET_15)",
					"$(LIBRARY_SEARCH_PATHS_QUOTED_FOR_TARGET_2)",
					"$(LIBRARY_SEARCH_PATHS_QUOTED_1)",
					"$(LIBRARY_SEARCH_PATHS_QUOTED_FOR_TARGET_3)",
					"$(LIBRARY_SEARCH_PATHS_QUOTED_FOR_TARGET_7)",
					"$(LIBRARY_SEARCH_PATHS_QUOTED_FOR_TARGET_8)",
					"$(LIBRARY_SEARCH_PATHS_QUOTED_FOR_TARGET_9)",
					"$(LIBRARY_SEARCH_PATHS_QUOTED_FOR_TARGET_10)",
					"$(LIBRARY_SEARCH_PATHS_QUOTED_FOR_TARGET_11)",
					"$(LIBRARY_SEARCH_PATHS_QUOTED_FOR_TARGET_12)",
					"$(LIBRARY_SEARCH_PATHS_QUOTED_FOR_TARGET_13)",
					"$(LIBRARY_SEARCH_PATHS_QUOTED_FOR_TARGET_16)",
					"$(LIBRARY_SEARCH_PATHS_QUOTED_FOR_TARGET_17)",
					"$(LIBRARY_SEARCH_PATHS_QUOTED_FOR_TARGET_18)",
					"$(LIBRARY_SEARCH_PATHS_QUOTED_FOR_TARGET_19)",
					"$(LIBRARY_SEARCH_PATHS_QUOTED_FOR_TARGET_20)",
					"$(LIBRARY_SEARCH_PATHS_QUOTED_FOR_TARGET_21)",
					"$(LIBRARY_SEARCH_PATHS_QUOTED_FOR_TARGET_22)",
					"$(LIBRARY_SEARCH_PATHS_QUOTED_FOR_TARGET_23)",
					"$(LIBRARY_SEARCH_PATHS_QUOTED_FOR_TARGET_24)",
					"$(LIBRARY_SEARCH_PATHS_QUOTED_FOR_TARGET_25)",
					"$(LIBRARY_SEARCH_PATHS_QUOTED_FOR_TARGET_26)",
					"$(LIBRARY_SEARCH_PATHS_QUOTED_FOR_TARGET_27)",
					"$(LIBRARY_SEARCH_PATHS_QUOTED_FOR_TARGET_28)",
					"$(LIBRARY_SEARCH_PATHS_QUOTED_FOR_TARGET_29)",
					"$(LIBRARY_SEARCH_PATHS_QUOTED_FOR_TARGET_30)",
					"$(LIBRARY_SEARCH_PATHS_QUOTED_FOR_TARGET_31)",
					"$(LIBRARY_SEARCH_PATHS_QUOTED_FOR_TARGET_32)",
					"$(LIBRARY_SEARCH_PATHS_QUOTED_FOR_TARGET_33)",
					"$(LIBRARY_SEARCH_PATHS_QUOTED_FOR_TARGET_34)",
					"$(LIBRARY_SEARCH_PATHS_QUOTED_FOR_TARGET_35)",
					"$(LIBRARY_SEARCH_PATHS_QUOTED_FOR_TARGET_36)",
					"$(LIBRARY_SEARCH_PATHS_QUOTED_FOR_TARGET_37)",
					"$(LIBRARY_SEARCH_PATHS_QUOTED_FOR_TARGET_38)",
					"$(LIBRARY_SEARCH_PATHS_QUOTED_FOR_TARGET_39)",
					"$(LIBRARY_SEARCH_PATHS_QUOTED_FOR_TARGET_40)",
					"$(LIBRARY_SEARCH_PATHS_QUOTED_FOR_TARGET_41)",
					"$(LIBRARY_SEARCH_PATHS_QUOTED_FOR_TARGET_42)",
					"$(LIBRARY_SEARCH_PATHS_QUOTED_FOR_TARGET_43)",
					"$(LIBRARY_SEARCH_PATHS_QUOTED_FOR_TARGET_44)",
					"$(LIBRARY_SEARCH_PATHS_QUOTED_FOR_TARGET_45)",
					"$(LIBRARY_SEARCH_PATHS_QUOTED_FOR_TARGET_46)",
					"$(LIBRARY_SEARCH_PATHS_QUOTED_FOR_TARGET_47)",
					"$(LIBRARY_SEARCH_PATHS_QUOTED_FOR_TARGET_48)",
					"$(LIBRARY_SEARCH_PATHS_QUOTED_FOR_TARGET_49)",
					"$(LIBRARY_SEARCH_PATHS_QUOTED_FOR_TARGET_50)",
					"$(LIBRARY_SEARCH_PATHS_QUOTED_FOR_TARGET_51)",
				);
				PRODUCT_NAME = "$(TARGET_NAME)";
				USER_HEADER_SEARCH_PATHS = "../../../addons/ofxOsc/libs/oscpack/src/ ../../../addons/ofxOsc/libs/oscpack/src/ ../../../addons/ofxOsc/libs/oscpack/src/ ../../../addons/ofxOsc/libs/oscpack/src/ ../../../addons/ofxOsc/libs/oscpack/src/ ../../../addons/ofxOsc/libs/oscpack/src/";
				WRAPPER_EXTENSION = app;
			};
			name = Release;
		};
/* End XCBuildConfiguration section */

/* Begin XCConfigurationList section */
		E4B69B4D0A3A1720003C02F2 /* Build configuration list for PBXProject "First_Astral_Sketch_Open_Frameworks" */ = {
			isa = XCConfigurationList;
			buildConfigurations = (
				E4B69B4E0A3A1720003C02F2 /* Debug */,
				E4B69B4F0A3A1720003C02F2 /* Release */,
			);
			defaultConfigurationIsVisible = 0;
			defaultConfigurationName = Release;
		};
		E4B69B5F0A3A1757003C02F2 /* Build configuration list for PBXNativeTarget "First_Astral_Sketch_Open_Frameworks" */ = {
			isa = XCConfigurationList;
			buildConfigurations = (
				E4B69B600A3A1757003C02F2 /* Debug */,
				E4B69B610A3A1757003C02F2 /* Release */,
			);
			defaultConfigurationIsVisible = 0;
			defaultConfigurationName = Release;
		};
/* End XCConfigurationList section */
	};
	rootObject = E4B69B4C0A3A1720003C02F2 /* Project object */;
}
